
Microsoft Visual Studio Solution File, Format Version 12.00
# Visual Studio Version 17
VisualStudioVersion = 17.2.32630.192
MinimumVisualStudioVersion = 10.0.40219.1
Project("{9A19103F-16F7-4668-BE54-9A1E7A4F7556}") = "R5T.T0226.Construction", "R5T.T0226.Construction\R5T.T0226.Construction.csproj", "{670D51AB-614C-4724-BDB8-725913A4BC82}"
EndProject
Project("{9A19103F-16F7-4668-BE54-9A1E7A4F7556}") = "R5T.T0226", "R5T.T0226\R5T.T0226.csproj", "{4E855D6F-233B-4050-86D5-94ABBCB35071}"
EndProject
Project("{2150E333-8FDC-42A3-9474-1A3956D46DE8}") = "_Dependencies", "_Dependencies", "{F0D91D9D-B440-4677-95EC-474386B503FD}"
EndProject
Project("{9A19103F-16F7-4668-BE54-9A1E7A4F7556}") = "R5T.F0000", "..\..\R5T.F0000\source\R5T.F0000\R5T.F0000.csproj", "{9AD92CF4-5B23-4FDE-A4D8-594C45273918}"
EndProject
Project("{9A19103F-16F7-4668-BE54-9A1E7A4F7556}") = "R5T.F0002", "..\..\R5T.F0002\source\R5T.F0002\R5T.F0002.csproj", "{E0F275C6-2CDD-4835-9483-C1BA1BE3FAAF}"
EndProject
Project("{9A19103F-16F7-4668-BE54-9A1E7A4F7556}") = "R5T.F0120", "..\..\R5T.F0120\source\R5T.F0120\R5T.F0120.csproj", "{4E48FF92-D927-4894-983D-AC0327A41765}"
EndProject
Project("{9A19103F-16F7-4668-BE54-9A1E7A4F7556}") = "R5T.F0124", "..\..\R5T.F0124\source\R5T.F0124\R5T.F0124.csproj", "{6CB9209E-5B0D-49C4-AA17-7234FE330FFF}"
EndProject
Project("{9A19103F-16F7-4668-BE54-9A1E7A4F7556}") = "R5T.F0125", "..\..\R5T.F0125\source\R5T.F0125\R5T.F0125.csproj", "{A90AC578-9942-41F8-BBF4-ED760AA79284}"
EndProject
Project("{9A19103F-16F7-4668-BE54-9A1E7A4F7556}") = "R5T.L0030.T000", "..\..\R5T.L0030\source\R5T.L0030.T000\R5T.L0030.T000.csproj", "{2C20FDE9-883B-49FD-B59B-E411E88EF485}"
EndProject
Project("{9A19103F-16F7-4668-BE54-9A1E7A4F7556}") = "R5T.L0030", "..\..\R5T.L0030\source\R5T.L0030\R5T.L0030.csproj", "{46B8CF8D-77D0-41E8-B506-E9A7A43A0E2B}"
EndProject
Project("{9A19103F-16F7-4668-BE54-9A1E7A4F7556}") = "R5T.L0034", "..\..\R5T.L0034\source\R5T.L0034\R5T.L0034.csproj", "{3F631F16-E713-4DB8-8ED1-8895E00F4E48}"
EndProject
Project("{9A19103F-16F7-4668-BE54-9A1E7A4F7556}") = "R5T.L0035", "..\..\R5T.L0035\source\R5T.L0035\R5T.L0035.csproj", "{D177D2EA-8114-4421-8D26-620243F3B001}"
EndProject
Project("{9A19103F-16F7-4668-BE54-9A1E7A4F7556}") = "R5T.L0053", "..\..\R5T.L0053\source\R5T.L0053\R5T.L0053.csproj", "{D04E1A1D-A20C-433B-B61B-E33AEDC096A4}"
EndProject
Project("{9A19103F-16F7-4668-BE54-9A1E7A4F7556}") = "R5T.NG0022", "..\..\R5T.NG0022\source\R5T.NG0022\R5T.NG0022.csproj", "{0E190480-1738-4A04-8771-39308FA6D373}"
EndProject
Project("{9A19103F-16F7-4668-BE54-9A1E7A4F7556}") = "R5T.T0131", "..\..\R5T.T0131\source\R5T.T0131\R5T.T0131.csproj", "{CBA4E6D7-05FC-49AF-A06F-55620BC105DB}"
EndProject
Project("{9A19103F-16F7-4668-BE54-9A1E7A4F7556}") = "R5T.T0132", "..\..\R5T.T0132\source\R5T.T0132\R5T.T0132.csproj", "{5444BFB0-A2F5-44D0-8375-4C47D2416C20}"
EndProject
Project("{9A19103F-16F7-4668-BE54-9A1E7A4F7556}") = "R5T.T0142", "..\..\R5T.T0142\source\R5T.T0142\R5T.T0142.csproj", "{1D7A8279-3DD8-4EB5-B6E1-5DC62218793D}"
EndProject
Project("{9A19103F-16F7-4668-BE54-9A1E7A4F7556}") = "R5T.T0143", "..\..\R5T.T0143\source\R5T.T0143\R5T.T0143.csproj", "{98711AD9-472A-4AB2-B741-C01365C2B0CB}"
EndProject
Project("{9A19103F-16F7-4668-BE54-9A1E7A4F7556}") = "R5T.T0156", "..\..\R5T.T0156\source\R5T.T0156\R5T.T0156.csproj", "{D8BD8EED-A038-4819-A2E2-9A654665683E}"
EndProject
Project("{9A19103F-16F7-4668-BE54-9A1E7A4F7556}") = "R5T.T0174", "..\..\R5T.T0174\source\R5T.T0174\R5T.T0174.csproj", "{65D8EEE4-D053-4826-B028-A69CC1870648}"
EndProject
Project("{9A19103F-16F7-4668-BE54-9A1E7A4F7556}") = "R5T.T0176", "..\..\R5T.T0176\source\R5T.T0176\R5T.T0176.csproj", "{51F9C9C2-08AB-47B9-82B2-D57133B05828}"
EndProject
Project("{9A19103F-16F7-4668-BE54-9A1E7A4F7556}") = "R5T.T0177", "..\..\R5T.T0177\source\R5T.T0177\R5T.T0177.csproj", "{74507C32-F2AC-40F0-A4B6-69642938610B}"
EndProject
Project("{9A19103F-16F7-4668-BE54-9A1E7A4F7556}") = "R5T.T0178", "..\..\R5T.T0178\source\R5T.T0178\R5T.T0178.csproj", "{9054F217-A882-45D4-9CEB-E91E1AE15A09}"
EndProject
Project("{9A19103F-16F7-4668-BE54-9A1E7A4F7556}") = "R5T.T0179", "..\..\R5T.T0179\source\R5T.T0179\R5T.T0179.csproj", "{AFADD268-7A72-46FE-AD11-CF0874AAE8D2}"
EndProject
Project("{9A19103F-16F7-4668-BE54-9A1E7A4F7556}") = "R5T.T0180", "..\..\R5T.T0180\source\R5T.T0180\R5T.T0180.csproj", "{2282CA93-2F4D-4C88-AB4F-E88892A46F50}"
EndProject
Project("{9A19103F-16F7-4668-BE54-9A1E7A4F7556}") = "R5T.T0181", "..\..\R5T.T0181\source\R5T.T0181\R5T.T0181.csproj", "{29431942-7903-4AAA-B032-342EFF802F24}"
EndProject
Project("{9A19103F-16F7-4668-BE54-9A1E7A4F7556}") = "R5T.T0185", "..\..\R5T.T0185\source\R5T.T0185\R5T.T0185.csproj", "{318E0693-17D7-4219-B0F3-D67DB0053577}"
EndProject
Project("{9A19103F-16F7-4668-BE54-9A1E7A4F7556}") = "R5T.T0199", "..\..\R5T.T0199\source\R5T.T0199\R5T.T0199.csproj", "{20D94496-9CCD-481F-91A1-AC9F612D0406}"
EndProject
Project("{9A19103F-16F7-4668-BE54-9A1E7A4F7556}") = "R5T.T0203", "..\..\R5T.T0203\source\R5T.T0203\R5T.T0203.csproj", "{008B26B9-8444-4008-9E97-74D7CA81B783}"
EndProject
Project("{9A19103F-16F7-4668-BE54-9A1E7A4F7556}") = "R5T.T0220", "..\..\R5T.T0220\source\R5T.T0220\R5T.T0220.csproj", "{B3E7D9DC-7940-45F0-BFEB-1B107C5A4E12}"
EndProject
Project("{9A19103F-16F7-4668-BE54-9A1E7A4F7556}") = "R5T.T0221", "..\..\R5T.T0221\source\R5T.T0221\R5T.T0221.csproj", "{A062DE19-A921-4F2A-BDDA-2418E2694766}"
EndProject
Project("{9A19103F-16F7-4668-BE54-9A1E7A4F7556}") = "R5T.T0225.T000", "..\..\R5T.T0225\source\R5T.T0225.T000\R5T.T0225.T000.csproj", "{9B1DAEA3-33B3-47C6-9E8B-21ED2F225E51}"
EndProject
Project("{9A19103F-16F7-4668-BE54-9A1E7A4F7556}") = "R5T.T0225", "..\..\R5T.T0225\source\R5T.T0225\R5T.T0225.csproj", "{941FD0B4-3E18-49C5-BF49-C627BB56EF5F}"
EndProject
Project("{9A19103F-16F7-4668-BE54-9A1E7A4F7556}") = "R5T.T0226.T000", "R5T.T0226.T000\R5T.T0226.T000.csproj", "{70F3B3A3-1BD1-4930-85DE-68C5160DDE1C}"
EndProject
Project("{9A19103F-16F7-4668-BE54-9A1E7A4F7556}") = "R5T.Y0000", "..\..\R5T.Y0000\source\R5T.Y0000\R5T.Y0000.csproj", "{C9A994AF-10FD-45A1-95D7-F491C686D3AE}"
EndProject
Project("{9A19103F-16F7-4668-BE54-9A1E7A4F7556}") = "R5T.Z0000", "..\..\R5T.Z0000\source\R5T.Z0000\R5T.Z0000.csproj", "{8E7E185C-23D0-4AE8-AF90-93A903FF4D87}"
EndProject
Project("{9A19103F-16F7-4668-BE54-9A1E7A4F7556}") = "R5T.Z0010.Platform", "..\..\R5T.Z0010\source\R5T.Z0010.Platform\R5T.Z0010.Platform.csproj", "{8BC994E3-AACA-4217-9479-137A100B5A41}"
EndProject
Project("{9A19103F-16F7-4668-BE54-9A1E7A4F7556}") = "R5T.T0226.L000", "R5T.T0226.L000\R5T.T0226.L000.csproj", "{58F8186D-5179-47A8-88E0-46248BAB9111}"
EndProject
Project("{9A19103F-16F7-4668-BE54-9A1E7A4F7556}") = "R5T.T0150", "..\..\R5T.T0150\source\R5T.T0150\R5T.T0150.csproj", "{E10F0C1E-76FE-4EB4-9821-5CD25E068F1D}"
EndProject
Project("{9A19103F-16F7-4668-BE54-9A1E7A4F7556}") = "R5T.T0151", "..\..\R5T.T0151\source\R5T.T0151\R5T.T0151.csproj", "{DB7D81CD-1563-4E11-BF90-D7BE5440FEF7}"
EndProject
Project("{9A19103F-16F7-4668-BE54-9A1E7A4F7556}") = "R5T.T0172", "..\..\R5T.T0172\source\R5T.T0172\R5T.T0172.csproj", "{7B12E45E-F492-4109-88C2-AC2441D87E90}"
EndProject
Project("{9A19103F-16F7-4668-BE54-9A1E7A4F7556}") = "R5T.T0213", "..\..\R5T.T0213\source\R5T.T0213\R5T.T0213.csproj", "{0F08DB28-7999-428F-82C6-6B45630B4F6C}"
EndProject
Project("{9A19103F-16F7-4668-BE54-9A1E7A4F7556}") = "R5T.L0059", "..\..\R5T.L0059\source\R5T.L0059\R5T.L0059.csproj", "{22F1A197-E3F4-4D2F-A477-4B471E282FD4}"
EndProject
Project("{9A19103F-16F7-4668-BE54-9A1E7A4F7556}") = "R5T.L0060", "..\..\R5T.L0060\source\R5T.L0060\R5T.L0060.csproj", "{C9DEE038-8437-4F44-8A21-6DDB0CE2D6E9}"
EndProject
Project("{9A19103F-16F7-4668-BE54-9A1E7A4F7556}") = "R5T.F0033.Platform", "..\..\R5T.F0033\source\R5T.F0033.Platform\R5T.F0033.Platform.csproj", "{C53C28F0-D107-495B-91DB-6D4F6685FDB4}"
EndProject
Project("{9A19103F-16F7-4668-BE54-9A1E7A4F7556}") = "R5T.F0033", "..\..\R5T.F0033\source\R5T.F0033\R5T.F0033.csproj", "{18365692-82B5-4949-894A-FC8E02F1348E}"
EndProject
Project("{9A19103F-16F7-4668-BE54-9A1E7A4F7556}") = "R5T.F0034", "..\..\R5T.F0034\source\R5T.F0034\R5T.F0034.csproj", "{1818C942-669C-4F61-8032-19E82F64AD21}"
EndProject
Project("{9A19103F-16F7-4668-BE54-9A1E7A4F7556}") = "R5T.F0035.F001", "..\..\R5T.F0035\source\R5T.F0035.F001\R5T.F0035.F001.csproj", "{DF7E4D39-137D-4B02-B3D9-01D2953600D6}"
EndProject
Project("{9A19103F-16F7-4668-BE54-9A1E7A4F7556}") = "R5T.F0059", "..\..\R5T.F0059\source\R5T.F0059\R5T.F0059.csproj", "{3CEB4096-3A5D-44E6-BF3D-8D1A0E939930}"
EndProject
Project("{9A19103F-16F7-4668-BE54-9A1E7A4F7556}") = "R5T.L0055", "..\..\R5T.L0055\source\R5T.L0055\R5T.L0055.csproj", "{49547D1D-3E1B-4DB3-AE4F-C244CC6F1F86}"
EndProject
Project("{9A19103F-16F7-4668-BE54-9A1E7A4F7556}") = "R5T.L0056", "..\..\R5T.L0056\source\R5T.L0056\R5T.L0056.csproj", "{756EF066-3076-4F63-B1C2-137876238AD7}"
EndProject
Project("{9A19103F-16F7-4668-BE54-9A1E7A4F7556}") = "R5T.L0057", "..\..\R5T.L0057\source\R5T.L0057\R5T.L0057.csproj", "{C49C7DD3-C854-4552-9F1C-52E432583558}"
EndProject
Project("{9A19103F-16F7-4668-BE54-9A1E7A4F7556}") = "R5T.NG0002", "..\..\R5T.NG0002\source\R5T.NG0002\R5T.NG0002.csproj", "{187AE1A4-7283-4067-B1FB-776E6A7A2E2E}"
EndProject
Project("{9A19103F-16F7-4668-BE54-9A1E7A4F7556}") = "R5T.NG0006", "..\..\R5T.NG0006\source\R5T.NG0006\R5T.NG0006.csproj", "{7A1A96C8-9594-49BE-985B-8B36846A1223}"
EndProject
Project("{9A19103F-16F7-4668-BE54-9A1E7A4F7556}") = "R5T.NG0007", "..\..\R5T.NG0007\source\R5T.NG0007\R5T.NG0007.csproj", "{A2CD3809-2D2B-4B08-AC6C-4EE7C710B819}"
EndProject
Project("{9A19103F-16F7-4668-BE54-9A1E7A4F7556}") = "R5T.T0141", "..\..\R5T.T0141\source\R5T.T0141\R5T.T0141.csproj", "{7566DF36-B214-41B2-A0F3-84BB1E984DD0}"
EndProject
Project("{9A19103F-16F7-4668-BE54-9A1E7A4F7556}") = "R5T.T0148", "..\..\R5T.T0148\source\R5T.T0148\R5T.T0148.csproj", "{C138F2BA-A010-472C-9D8E-5C4A1722FB2C}"
EndProject
Project("{9A19103F-16F7-4668-BE54-9A1E7A4F7556}") = "R5T.T0158.F000", "..\..\R5T.T0158\source\R5T.T0158.F000\R5T.T0158.F000.csproj", "{190586F7-D9F9-4CB1-8098-A34B97DCCD2C}"
EndProject
Project("{9A19103F-16F7-4668-BE54-9A1E7A4F7556}") = "R5T.T0158.T000", "..\..\R5T.T0158\source\R5T.T0158.T000\R5T.T0158.T000.csproj", "{4E30A4F0-F3E7-42FD-9DD0-3C1797D117BB}"
EndProject
Project("{9A19103F-16F7-4668-BE54-9A1E7A4F7556}") = "R5T.T0158", "..\..\R5T.T0158\source\R5T.T0158\R5T.T0158.csproj", "{AB761A73-1A0F-47DA-BBD8-356D21E7F148}"
EndProject
Project("{9A19103F-16F7-4668-BE54-9A1E7A4F7556}") = "R5T.T0159.F000", "..\..\R5T.T0159\source\R5T.T0159.F000\R5T.T0159.F000.csproj", "{53DB68BA-29A8-4EE0-8844-95D1E5E5AA5C}"
EndProject
Project("{9A19103F-16F7-4668-BE54-9A1E7A4F7556}") = "R5T.T0159", "..\..\R5T.T0159\source\R5T.T0159\R5T.T0159.csproj", "{B76966A1-3093-45ED-A2F3-83E66C66704E}"
EndProject
Project("{9A19103F-16F7-4668-BE54-9A1E7A4F7556}") = "R5T.Z0010", "..\..\R5T.Z0010\source\R5T.Z0010\R5T.Z0010.csproj", "{46F4233F-B086-4238-A594-D9A42E08D8D1}"
EndProject
Project("{9A19103F-16F7-4668-BE54-9A1E7A4F7556}") = "R5T.Z0063.Platform", "..\..\R5T.Z0063\source\R5T.Z0063.Platform\R5T.Z0063.Platform.csproj", "{188B1CA5-8449-4411-9423-C81CD7B6A02D}"
EndProject
Project("{9A19103F-16F7-4668-BE54-9A1E7A4F7556}") = "R5T.Z0063", "..\..\R5T.Z0063\source\R5T.Z0063\R5T.Z0063.csproj", "{A2F9DF54-3A89-484D-B7B9-3540A1A0C0C2}"
EndProject
Project("{9A19103F-16F7-4668-BE54-9A1E7A4F7556}") = "R5T.L0054", "..\..\R5T.L0054\source\R5T.L0054\R5T.L0054.csproj", "{454D5C11-314B-4927-BABA-194CDC03FD5F}"
EndProject
Project("{9A19103F-16F7-4668-BE54-9A1E7A4F7556}") = "R5T.F0034.Platform", "..\..\R5T.F0034\source\R5T.F0034.Platform\R5T.F0034.Platform.csproj", "{972203DE-2F2A-4702-8A92-6CC3A6047FA9}"
EndProject
Project("{9A19103F-16F7-4668-BE54-9A1E7A4F7556}") = "R5T.F0138", "..\..\R5T.F0138\source\R5T.F0138\R5T.F0138.csproj", "{4EC32F60-E841-4C49-8607-F1EBDB913B47}"
EndProject
Project("{9A19103F-16F7-4668-BE54-9A1E7A4F7556}") = "R5T.F0139", "..\..\R5T.F0139\source\R5T.F0139\R5T.F0139.csproj", "{34184C0E-745E-451E-ACD9-8891532D9457}"
EndProject
Project("{9A19103F-16F7-4668-BE54-9A1E7A4F7556}") = "R5T.F0140", "..\..\R5T.F0140\source\R5T.F0140\R5T.F0140.csproj", "{172BEFD9-52BB-4B84-8481-5671C8E28675}"
EndProject
Project("{9A19103F-16F7-4668-BE54-9A1E7A4F7556}") = "R5T.L0032.T000", "..\..\R5T.L0032\source\R5T.L0032.T000\R5T.L0032.T000.csproj", "{4D6FA72A-AD3C-4E99-AB28-E20D46A893D6}"
EndProject
Project("{9A19103F-16F7-4668-BE54-9A1E7A4F7556}") = "R5T.L0061", "..\..\R5T.L0061\source\R5T.L0061\R5T.L0061.csproj", "{C8405DBF-B4C1-4A59-9C7A-C90933384C34}"
EndProject
Project("{9A19103F-16F7-4668-BE54-9A1E7A4F7556}") = "R5T.NG0010", "..\..\R5T.NG0010\source\R5T.NG0010\R5T.NG0010.csproj", "{5C4C084F-BB62-485F-8EAE-08C1B7536C87}"
EndProject
Project("{9A19103F-16F7-4668-BE54-9A1E7A4F7556}") = "R5T.T0161", "..\..\R5T.T0161\source\R5T.T0161\R5T.T0161.csproj", "{D7978258-AFE5-4854-AB7A-E2DDB48AA72D}"
EndProject
Project("{9A19103F-16F7-4668-BE54-9A1E7A4F7556}") = "R5T.T0184", "..\..\R5T.T0184\source\R5T.T0184\R5T.T0184.csproj", "{69FA8F62-260A-4C48-92C2-957839586E9E}"
EndProject
Project("{9A19103F-16F7-4668-BE54-9A1E7A4F7556}") = "R5T.T0186", "..\..\R5T.T0186\source\R5T.T0186\R5T.T0186.csproj", "{79F57BD7-2A32-4035-A472-8AAB3DD7929D}"
EndProject
Project("{9A19103F-16F7-4668-BE54-9A1E7A4F7556}") = "R5T.T0187", "..\..\R5T.T0187\source\R5T.T0187\R5T.T0187.csproj", "{63133D38-D172-4A7B-A478-0409E100F9C1}"
EndProject
Project("{9A19103F-16F7-4668-BE54-9A1E7A4F7556}") = "R5T.T0196", "..\..\R5T.T0196\source\R5T.T0196\R5T.T0196.csproj", "{16CAF296-F310-4EBC-9E3D-909DC83D5005}"
EndProject
Project("{9A19103F-16F7-4668-BE54-9A1E7A4F7556}") = "R5T.T0197", "..\..\R5T.T0197\source\R5T.T0197\R5T.T0197.csproj", "{AB1F5EBB-2DB7-4C06-9026-47C4BC0B0C25}"
EndProject
Project("{9A19103F-16F7-4668-BE54-9A1E7A4F7556}") = "R5T.T0198", "..\..\R5T.T0198\source\R5T.T0198\R5T.T0198.csproj", "{D0272111-E58E-45BE-9A56-AC615C13039B}"
EndProject
Project("{9A19103F-16F7-4668-BE54-9A1E7A4F7556}") = "R5T.T0200", "..\..\R5T.T0200\source\R5T.T0200\R5T.T0200.csproj", "{0E107B47-997D-4D11-8827-1D425828E2CE}"
EndProject
Project("{9A19103F-16F7-4668-BE54-9A1E7A4F7556}") = "R5T.T0214.Z001", "..\..\R5T.T0214\source\R5T.T0214.Z001\R5T.T0214.Z001.csproj", "{68CDFBE6-EE44-40B7-888D-F798A7927EAC}"
EndProject
Project("{9A19103F-16F7-4668-BE54-9A1E7A4F7556}") = "R5T.T0214", "..\..\R5T.T0214\source\R5T.T0214\R5T.T0214.csproj", "{A7E0125C-4EF0-4C1C-A99B-C35825D6A2EE}"
EndProject
Project("{9A19103F-16F7-4668-BE54-9A1E7A4F7556}") = "R5T.T0215.Z000", "..\..\R5T.T0215\source\R5T.T0215.Z000\R5T.T0215.Z000.csproj", "{6D809076-C930-4903-9C01-8F94970554A1}"
EndProject
Project("{9A19103F-16F7-4668-BE54-9A1E7A4F7556}") = "R5T.T0215", "..\..\R5T.T0215\source\R5T.T0215\R5T.T0215.csproj", "{D7D73C6D-E512-475B-BA31-74D987ADC8BB}"
EndProject
Project("{9A19103F-16F7-4668-BE54-9A1E7A4F7556}") = "R5T.T0216.F001", "..\..\R5T.T0216\source\R5T.T0216.F001\R5T.T0216.F001.csproj", "{85392E4F-3AFB-42D2-B664-41F1C8B3BBC7}"
EndProject
Project("{9A19103F-16F7-4668-BE54-9A1E7A4F7556}") = "R5T.T0216", "..\..\R5T.T0216\source\R5T.T0216\R5T.T0216.csproj", "{4A17DC05-339B-4E88-9274-DA49A4D347C7}"
EndProject
Project("{9A19103F-16F7-4668-BE54-9A1E7A4F7556}") = "R5T.T0217.F001", "..\..\R5T.T0217\source\R5T.T0217.F001\R5T.T0217.F001.csproj", "{CC84E2CE-07FB-4FA1-B012-413158428EA6}"
EndProject
Project("{9A19103F-16F7-4668-BE54-9A1E7A4F7556}") = "R5T.T0217", "..\..\R5T.T0217\source\R5T.T0217\R5T.T0217.csproj", "{04284313-7B49-478A-B461-C41784D3DCAD}"
EndProject
Project("{9A19103F-16F7-4668-BE54-9A1E7A4F7556}") = "R5T.T0218", "..\..\R5T.T0218\source\R5T.T0218\R5T.T0218.csproj", "{19AF6C6D-6BA0-4FF8-A8B2-B4B0212606F9}"
EndProject
Project("{9A19103F-16F7-4668-BE54-9A1E7A4F7556}") = "R5T.T0219", "..\..\R5T.T0219\source\R5T.T0219\R5T.T0219.csproj", "{01443CDB-5440-453A-94E6-01EF523A9911}"
EndProject
Project("{9A19103F-16F7-4668-BE54-9A1E7A4F7556}") = "R5T.T0224", "..\..\R5T.T0224\source\R5T.T0224\R5T.T0224.csproj", "{C38DCC27-D7C0-4421-8203-206AE517054C}"
EndProject
Project("{9A19103F-16F7-4668-BE54-9A1E7A4F7556}") = "R5T.T0227", "..\..\R5T.T0227\source\R5T.T0227\R5T.T0227.csproj", "{F12BE58E-1EFE-4164-A6EC-52F82DEE3D17}"
EndProject
Project("{9A19103F-16F7-4668-BE54-9A1E7A4F7556}") = "R5T.Z0044.Z000", "..\..\R5T.Z0044\source\R5T.Z0044.Z000\R5T.Z0044.Z000.csproj", "{65FFFCE8-53E6-4358-A0CD-65EEE4B8AEE8}"
EndProject
Project("{9A19103F-16F7-4668-BE54-9A1E7A4F7556}") = "R5T.Z0046.Platform", "..\..\R5T.Z0046\source\R5T.Z0046.Platform\R5T.Z0046.Platform.csproj", "{8D115FB0-820A-4650-A066-77421A87FCDB}"
EndProject
Project("{9A19103F-16F7-4668-BE54-9A1E7A4F7556}") = "R5T.Z0046", "..\..\R5T.Z0046\source\R5T.Z0046\R5T.Z0046.csproj", "{B34F123D-1BCC-49D7-A2CB-1980ADBB9A1C}"
EndProject
Project("{9A19103F-16F7-4668-BE54-9A1E7A4F7556}") = "R5T.Z0057.Platform", "..\..\R5T.Z0057\source\R5T.Z0057.Platform\R5T.Z0057.Platform.csproj", "{C6C1A2BD-616C-443E-874E-F31583F3CBBC}"
EndProject
Project("{9A19103F-16F7-4668-BE54-9A1E7A4F7556}") = "R5T.Z0057", "..\..\R5T.Z0057\source\R5T.Z0057\R5T.Z0057.csproj", "{05744C69-B905-4336-9BB9-025B936479E4}"
EndProject
Project("{9A19103F-16F7-4668-BE54-9A1E7A4F7556}") = "R5T.Z0058", "..\..\R5T.Z0058\source\R5T.Z0058\R5T.Z0058.csproj", "{EB98F097-FE00-4BE8-8780-A99A1927DBB0}"
EndProject
Global
	GlobalSection(NestedProjects) = preSolution
		{9AD92CF4-5B23-4FDE-A4D8-594C45273918} = {F0D91D9D-B440-4677-95EC-474386B503FD}
		{E0F275C6-2CDD-4835-9483-C1BA1BE3FAAF} = {F0D91D9D-B440-4677-95EC-474386B503FD}
		{4E48FF92-D927-4894-983D-AC0327A41765} = {F0D91D9D-B440-4677-95EC-474386B503FD}
		{6CB9209E-5B0D-49C4-AA17-7234FE330FFF} = {F0D91D9D-B440-4677-95EC-474386B503FD}
		{A90AC578-9942-41F8-BBF4-ED760AA79284} = {F0D91D9D-B440-4677-95EC-474386B503FD}
		{2C20FDE9-883B-49FD-B59B-E411E88EF485} = {F0D91D9D-B440-4677-95EC-474386B503FD}
		{46B8CF8D-77D0-41E8-B506-E9A7A43A0E2B} = {F0D91D9D-B440-4677-95EC-474386B503FD}
		{3F631F16-E713-4DB8-8ED1-8895E00F4E48} = {F0D91D9D-B440-4677-95EC-474386B503FD}
		{D177D2EA-8114-4421-8D26-620243F3B001} = {F0D91D9D-B440-4677-95EC-474386B503FD}
		{D04E1A1D-A20C-433B-B61B-E33AEDC096A4} = {F0D91D9D-B440-4677-95EC-474386B503FD}
		{0E190480-1738-4A04-8771-39308FA6D373} = {F0D91D9D-B440-4677-95EC-474386B503FD}
		{CBA4E6D7-05FC-49AF-A06F-55620BC105DB} = {F0D91D9D-B440-4677-95EC-474386B503FD}
		{5444BFB0-A2F5-44D0-8375-4C47D2416C20} = {F0D91D9D-B440-4677-95EC-474386B503FD}
		{1D7A8279-3DD8-4EB5-B6E1-5DC62218793D} = {F0D91D9D-B440-4677-95EC-474386B503FD}
		{98711AD9-472A-4AB2-B741-C01365C2B0CB} = {F0D91D9D-B440-4677-95EC-474386B503FD}
		{D8BD8EED-A038-4819-A2E2-9A654665683E} = {F0D91D9D-B440-4677-95EC-474386B503FD}
		{65D8EEE4-D053-4826-B028-A69CC1870648} = {F0D91D9D-B440-4677-95EC-474386B503FD}
		{51F9C9C2-08AB-47B9-82B2-D57133B05828} = {F0D91D9D-B440-4677-95EC-474386B503FD}
		{74507C32-F2AC-40F0-A4B6-69642938610B} = {F0D91D9D-B440-4677-95EC-474386B503FD}
		{9054F217-A882-45D4-9CEB-E91E1AE15A09} = {F0D91D9D-B440-4677-95EC-474386B503FD}
		{AFADD268-7A72-46FE-AD11-CF0874AAE8D2} = {F0D91D9D-B440-4677-95EC-474386B503FD}
		{2282CA93-2F4D-4C88-AB4F-E88892A46F50} = {F0D91D9D-B440-4677-95EC-474386B503FD}
		{29431942-7903-4AAA-B032-342EFF802F24} = {F0D91D9D-B440-4677-95EC-474386B503FD}
		{318E0693-17D7-4219-B0F3-D67DB0053577} = {F0D91D9D-B440-4677-95EC-474386B503FD}
		{20D94496-9CCD-481F-91A1-AC9F612D0406} = {F0D91D9D-B440-4677-95EC-474386B503FD}
		{008B26B9-8444-4008-9E97-74D7CA81B783} = {F0D91D9D-B440-4677-95EC-474386B503FD}
		{B3E7D9DC-7940-45F0-BFEB-1B107C5A4E12} = {F0D91D9D-B440-4677-95EC-474386B503FD}
		{A062DE19-A921-4F2A-BDDA-2418E2694766} = {F0D91D9D-B440-4677-95EC-474386B503FD}
		{9B1DAEA3-33B3-47C6-9E8B-21ED2F225E51} = {F0D91D9D-B440-4677-95EC-474386B503FD}
		{941FD0B4-3E18-49C5-BF49-C627BB56EF5F} = {F0D91D9D-B440-4677-95EC-474386B503FD}
		{C9A994AF-10FD-45A1-95D7-F491C686D3AE} = {F0D91D9D-B440-4677-95EC-474386B503FD}
		{8E7E185C-23D0-4AE8-AF90-93A903FF4D87} = {F0D91D9D-B440-4677-95EC-474386B503FD}
		{8BC994E3-AACA-4217-9479-137A100B5A41} = {F0D91D9D-B440-4677-95EC-474386B503FD}
		{E10F0C1E-76FE-4EB4-9821-5CD25E068F1D} = {F0D91D9D-B440-4677-95EC-474386B503FD}
		{DB7D81CD-1563-4E11-BF90-D7BE5440FEF7} = {F0D91D9D-B440-4677-95EC-474386B503FD}
		{7B12E45E-F492-4109-88C2-AC2441D87E90} = {F0D91D9D-B440-4677-95EC-474386B503FD}
		{0F08DB28-7999-428F-82C6-6B45630B4F6C} = {F0D91D9D-B440-4677-95EC-474386B503FD}
		{22F1A197-E3F4-4D2F-A477-4B471E282FD4} = {F0D91D9D-B440-4677-95EC-474386B503FD}
		{C9DEE038-8437-4F44-8A21-6DDB0CE2D6E9} = {F0D91D9D-B440-4677-95EC-474386B503FD}
		{C53C28F0-D107-495B-91DB-6D4F6685FDB4} = {F0D91D9D-B440-4677-95EC-474386B503FD}
		{18365692-82B5-4949-894A-FC8E02F1348E} = {F0D91D9D-B440-4677-95EC-474386B503FD}
		{1818C942-669C-4F61-8032-19E82F64AD21} = {F0D91D9D-B440-4677-95EC-474386B503FD}
		{DF7E4D39-137D-4B02-B3D9-01D2953600D6} = {F0D91D9D-B440-4677-95EC-474386B503FD}
		{3CEB4096-3A5D-44E6-BF3D-8D1A0E939930} = {F0D91D9D-B440-4677-95EC-474386B503FD}
		{49547D1D-3E1B-4DB3-AE4F-C244CC6F1F86} = {F0D91D9D-B440-4677-95EC-474386B503FD}
		{756EF066-3076-4F63-B1C2-137876238AD7} = {F0D91D9D-B440-4677-95EC-474386B503FD}
		{C49C7DD3-C854-4552-9F1C-52E432583558} = {F0D91D9D-B440-4677-95EC-474386B503FD}
		{187AE1A4-7283-4067-B1FB-776E6A7A2E2E} = {F0D91D9D-B440-4677-95EC-474386B503FD}
		{7A1A96C8-9594-49BE-985B-8B36846A1223} = {F0D91D9D-B440-4677-95EC-474386B503FD}
		{A2CD3809-2D2B-4B08-AC6C-4EE7C710B819} = {F0D91D9D-B440-4677-95EC-474386B503FD}
		{7566DF36-B214-41B2-A0F3-84BB1E984DD0} = {F0D91D9D-B440-4677-95EC-474386B503FD}
		{C138F2BA-A010-472C-9D8E-5C4A1722FB2C} = {F0D91D9D-B440-4677-95EC-474386B503FD}
		{190586F7-D9F9-4CB1-8098-A34B97DCCD2C} = {F0D91D9D-B440-4677-95EC-474386B503FD}
		{4E30A4F0-F3E7-42FD-9DD0-3C1797D117BB} = {F0D91D9D-B440-4677-95EC-474386B503FD}
		{AB761A73-1A0F-47DA-BBD8-356D21E7F148} = {F0D91D9D-B440-4677-95EC-474386B503FD}
		{53DB68BA-29A8-4EE0-8844-95D1E5E5AA5C} = {F0D91D9D-B440-4677-95EC-474386B503FD}
		{B76966A1-3093-45ED-A2F3-83E66C66704E} = {F0D91D9D-B440-4677-95EC-474386B503FD}
		{46F4233F-B086-4238-A594-D9A42E08D8D1} = {F0D91D9D-B440-4677-95EC-474386B503FD}
		{188B1CA5-8449-4411-9423-C81CD7B6A02D} = {F0D91D9D-B440-4677-95EC-474386B503FD}
		{A2F9DF54-3A89-484D-B7B9-3540A1A0C0C2} = {F0D91D9D-B440-4677-95EC-474386B503FD}
		{454D5C11-314B-4927-BABA-194CDC03FD5F} = {F0D91D9D-B440-4677-95EC-474386B503FD}
		{972203DE-2F2A-4702-8A92-6CC3A6047FA9} = {F0D91D9D-B440-4677-95EC-474386B503FD}
		{4EC32F60-E841-4C49-8607-F1EBDB913B47} = {F0D91D9D-B440-4677-95EC-474386B503FD}
		{34184C0E-745E-451E-ACD9-8891532D9457} = {F0D91D9D-B440-4677-95EC-474386B503FD}
		{172BEFD9-52BB-4B84-8481-5671C8E28675} = {F0D91D9D-B440-4677-95EC-474386B503FD}
		{4D6FA72A-AD3C-4E99-AB28-E20D46A893D6} = {F0D91D9D-B440-4677-95EC-474386B503FD}
		{C8405DBF-B4C1-4A59-9C7A-C90933384C34} = {F0D91D9D-B440-4677-95EC-474386B503FD}
		{5C4C084F-BB62-485F-8EAE-08C1B7536C87} = {F0D91D9D-B440-4677-95EC-474386B503FD}
		{D7978258-AFE5-4854-AB7A-E2DDB48AA72D} = {F0D91D9D-B440-4677-95EC-474386B503FD}
		{69FA8F62-260A-4C48-92C2-957839586E9E} = {F0D91D9D-B440-4677-95EC-474386B503FD}
		{79F57BD7-2A32-4035-A472-8AAB3DD7929D} = {F0D91D9D-B440-4677-95EC-474386B503FD}
		{63133D38-D172-4A7B-A478-0409E100F9C1} = {F0D91D9D-B440-4677-95EC-474386B503FD}
		{16CAF296-F310-4EBC-9E3D-909DC83D5005} = {F0D91D9D-B440-4677-95EC-474386B503FD}
		{AB1F5EBB-2DB7-4C06-9026-47C4BC0B0C25} = {F0D91D9D-B440-4677-95EC-474386B503FD}
		{D0272111-E58E-45BE-9A56-AC615C13039B} = {F0D91D9D-B440-4677-95EC-474386B503FD}
		{0E107B47-997D-4D11-8827-1D425828E2CE} = {F0D91D9D-B440-4677-95EC-474386B503FD}
		{68CDFBE6-EE44-40B7-888D-F798A7927EAC} = {F0D91D9D-B440-4677-95EC-474386B503FD}
		{A7E0125C-4EF0-4C1C-A99B-C35825D6A2EE} = {F0D91D9D-B440-4677-95EC-474386B503FD}
		{6D809076-C930-4903-9C01-8F94970554A1} = {F0D91D9D-B440-4677-95EC-474386B503FD}
		{D7D73C6D-E512-475B-BA31-74D987ADC8BB} = {F0D91D9D-B440-4677-95EC-474386B503FD}
		{85392E4F-3AFB-42D2-B664-41F1C8B3BBC7} = {F0D91D9D-B440-4677-95EC-474386B503FD}
		{4A17DC05-339B-4E88-9274-DA49A4D347C7} = {F0D91D9D-B440-4677-95EC-474386B503FD}
		{CC84E2CE-07FB-4FA1-B012-413158428EA6} = {F0D91D9D-B440-4677-95EC-474386B503FD}
		{04284313-7B49-478A-B461-C41784D3DCAD} = {F0D91D9D-B440-4677-95EC-474386B503FD}
		{19AF6C6D-6BA0-4FF8-A8B2-B4B0212606F9} = {F0D91D9D-B440-4677-95EC-474386B503FD}
		{01443CDB-5440-453A-94E6-01EF523A9911} = {F0D91D9D-B440-4677-95EC-474386B503FD}
		{C38DCC27-D7C0-4421-8203-206AE517054C} = {F0D91D9D-B440-4677-95EC-474386B503FD}
		{F12BE58E-1EFE-4164-A6EC-52F82DEE3D17} = {F0D91D9D-B440-4677-95EC-474386B503FD}
		{65FFFCE8-53E6-4358-A0CD-65EEE4B8AEE8} = {F0D91D9D-B440-4677-95EC-474386B503FD}
		{8D115FB0-820A-4650-A066-77421A87FCDB} = {F0D91D9D-B440-4677-95EC-474386B503FD}
		{B34F123D-1BCC-49D7-A2CB-1980ADBB9A1C} = {F0D91D9D-B440-4677-95EC-474386B503FD}
		{C6C1A2BD-616C-443E-874E-F31583F3CBBC} = {F0D91D9D-B440-4677-95EC-474386B503FD}
		{05744C69-B905-4336-9BB9-025B936479E4} = {F0D91D9D-B440-4677-95EC-474386B503FD}
		{EB98F097-FE00-4BE8-8780-A99A1927DBB0} = {F0D91D9D-B440-4677-95EC-474386B503FD}
	EndGlobalSection
	GlobalSection(SolutionConfigurationPlatforms) = preSolution
		Debug|Any CPU = Debug|Any CPU
		Release|Any CPU = Release|Any CPU
	EndGlobalSection
	GlobalSection(ProjectConfigurationPlatforms) = postSolution
		{670D51AB-614C-4724-BDB8-725913A4BC82}.Debug|Any CPU.ActiveCfg = Debug|Any CPU
		{670D51AB-614C-4724-BDB8-725913A4BC82}.Debug|Any CPU.Build.0 = Debug|Any CPU
		{670D51AB-614C-4724-BDB8-725913A4BC82}.Release|Any CPU.ActiveCfg = Release|Any CPU
		{670D51AB-614C-4724-BDB8-725913A4BC82}.Release|Any CPU.Build.0 = Release|Any CPU
		{4E855D6F-233B-4050-86D5-94ABBCB35071}.Debug|Any CPU.ActiveCfg = Debug|Any CPU
		{4E855D6F-233B-4050-86D5-94ABBCB35071}.Debug|Any CPU.Build.0 = Debug|Any CPU
		{4E855D6F-233B-4050-86D5-94ABBCB35071}.Release|Any CPU.ActiveCfg = Release|Any CPU
		{4E855D6F-233B-4050-86D5-94ABBCB35071}.Release|Any CPU.Build.0 = Release|Any CPU
		{9AD92CF4-5B23-4FDE-A4D8-594C45273918}.Debug|Any CPU.ActiveCfg = Debug|Any CPU
		{9AD92CF4-5B23-4FDE-A4D8-594C45273918}.Debug|Any CPU.Build.0 = Debug|Any CPU
		{9AD92CF4-5B23-4FDE-A4D8-594C45273918}.Release|Any CPU.ActiveCfg = Release|Any CPU
		{9AD92CF4-5B23-4FDE-A4D8-594C45273918}.Release|Any CPU.Build.0 = Release|Any CPU
		{E0F275C6-2CDD-4835-9483-C1BA1BE3FAAF}.Debug|Any CPU.ActiveCfg = Debug|Any CPU
		{E0F275C6-2CDD-4835-9483-C1BA1BE3FAAF}.Debug|Any CPU.Build.0 = Debug|Any CPU
		{E0F275C6-2CDD-4835-9483-C1BA1BE3FAAF}.Release|Any CPU.ActiveCfg = Release|Any CPU
		{E0F275C6-2CDD-4835-9483-C1BA1BE3FAAF}.Release|Any CPU.Build.0 = Release|Any CPU
		{4E48FF92-D927-4894-983D-AC0327A41765}.Debug|Any CPU.ActiveCfg = Debug|Any CPU
		{4E48FF92-D927-4894-983D-AC0327A41765}.Debug|Any CPU.Build.0 = Debug|Any CPU
		{4E48FF92-D927-4894-983D-AC0327A41765}.Release|Any CPU.ActiveCfg = Release|Any CPU
		{4E48FF92-D927-4894-983D-AC0327A41765}.Release|Any CPU.Build.0 = Release|Any CPU
		{6CB9209E-5B0D-49C4-AA17-7234FE330FFF}.Debug|Any CPU.ActiveCfg = Debug|Any CPU
		{6CB9209E-5B0D-49C4-AA17-7234FE330FFF}.Debug|Any CPU.Build.0 = Debug|Any CPU
		{6CB9209E-5B0D-49C4-AA17-7234FE330FFF}.Release|Any CPU.ActiveCfg = Release|Any CPU
		{6CB9209E-5B0D-49C4-AA17-7234FE330FFF}.Release|Any CPU.Build.0 = Release|Any CPU
		{A90AC578-9942-41F8-BBF4-ED760AA79284}.Debug|Any CPU.ActiveCfg = Debug|Any CPU
		{A90AC578-9942-41F8-BBF4-ED760AA79284}.Debug|Any CPU.Build.0 = Debug|Any CPU
		{A90AC578-9942-41F8-BBF4-ED760AA79284}.Release|Any CPU.ActiveCfg = Release|Any CPU
		{A90AC578-9942-41F8-BBF4-ED760AA79284}.Release|Any CPU.Build.0 = Release|Any CPU
		{2C20FDE9-883B-49FD-B59B-E411E88EF485}.Debug|Any CPU.ActiveCfg = Debug|Any CPU
		{2C20FDE9-883B-49FD-B59B-E411E88EF485}.Debug|Any CPU.Build.0 = Debug|Any CPU
		{2C20FDE9-883B-49FD-B59B-E411E88EF485}.Release|Any CPU.ActiveCfg = Release|Any CPU
		{2C20FDE9-883B-49FD-B59B-E411E88EF485}.Release|Any CPU.Build.0 = Release|Any CPU
		{46B8CF8D-77D0-41E8-B506-E9A7A43A0E2B}.Debug|Any CPU.ActiveCfg = Debug|Any CPU
		{46B8CF8D-77D0-41E8-B506-E9A7A43A0E2B}.Debug|Any CPU.Build.0 = Debug|Any CPU
		{46B8CF8D-77D0-41E8-B506-E9A7A43A0E2B}.Release|Any CPU.ActiveCfg = Release|Any CPU
		{46B8CF8D-77D0-41E8-B506-E9A7A43A0E2B}.Release|Any CPU.Build.0 = Release|Any CPU
		{3F631F16-E713-4DB8-8ED1-8895E00F4E48}.Debug|Any CPU.ActiveCfg = Debug|Any CPU
		{3F631F16-E713-4DB8-8ED1-8895E00F4E48}.Debug|Any CPU.Build.0 = Debug|Any CPU
		{3F631F16-E713-4DB8-8ED1-8895E00F4E48}.Release|Any CPU.ActiveCfg = Release|Any CPU
		{3F631F16-E713-4DB8-8ED1-8895E00F4E48}.Release|Any CPU.Build.0 = Release|Any CPU
		{D177D2EA-8114-4421-8D26-620243F3B001}.Debug|Any CPU.ActiveCfg = Debug|Any CPU
		{D177D2EA-8114-4421-8D26-620243F3B001}.Debug|Any CPU.Build.0 = Debug|Any CPU
		{D177D2EA-8114-4421-8D26-620243F3B001}.Release|Any CPU.ActiveCfg = Release|Any CPU
		{D177D2EA-8114-4421-8D26-620243F3B001}.Release|Any CPU.Build.0 = Release|Any CPU
		{D04E1A1D-A20C-433B-B61B-E33AEDC096A4}.Debug|Any CPU.ActiveCfg = Debug|Any CPU
		{D04E1A1D-A20C-433B-B61B-E33AEDC096A4}.Debug|Any CPU.Build.0 = Debug|Any CPU
		{D04E1A1D-A20C-433B-B61B-E33AEDC096A4}.Release|Any CPU.ActiveCfg = Release|Any CPU
		{D04E1A1D-A20C-433B-B61B-E33AEDC096A4}.Release|Any CPU.Build.0 = Release|Any CPU
		{0E190480-1738-4A04-8771-39308FA6D373}.Debug|Any CPU.ActiveCfg = Debug|Any CPU
		{0E190480-1738-4A04-8771-39308FA6D373}.Debug|Any CPU.Build.0 = Debug|Any CPU
		{0E190480-1738-4A04-8771-39308FA6D373}.Release|Any CPU.ActiveCfg = Release|Any CPU
		{0E190480-1738-4A04-8771-39308FA6D373}.Release|Any CPU.Build.0 = Release|Any CPU
		{CBA4E6D7-05FC-49AF-A06F-55620BC105DB}.Debug|Any CPU.ActiveCfg = Debug|Any CPU
		{CBA4E6D7-05FC-49AF-A06F-55620BC105DB}.Debug|Any CPU.Build.0 = Debug|Any CPU
		{CBA4E6D7-05FC-49AF-A06F-55620BC105DB}.Release|Any CPU.ActiveCfg = Release|Any CPU
		{CBA4E6D7-05FC-49AF-A06F-55620BC105DB}.Release|Any CPU.Build.0 = Release|Any CPU
		{5444BFB0-A2F5-44D0-8375-4C47D2416C20}.Debug|Any CPU.ActiveCfg = Debug|Any CPU
		{5444BFB0-A2F5-44D0-8375-4C47D2416C20}.Debug|Any CPU.Build.0 = Debug|Any CPU
		{5444BFB0-A2F5-44D0-8375-4C47D2416C20}.Release|Any CPU.ActiveCfg = Release|Any CPU
		{5444BFB0-A2F5-44D0-8375-4C47D2416C20}.Release|Any CPU.Build.0 = Release|Any CPU
		{1D7A8279-3DD8-4EB5-B6E1-5DC62218793D}.Debug|Any CPU.ActiveCfg = Debug|Any CPU
		{1D7A8279-3DD8-4EB5-B6E1-5DC62218793D}.Debug|Any CPU.Build.0 = Debug|Any CPU
		{1D7A8279-3DD8-4EB5-B6E1-5DC62218793D}.Release|Any CPU.ActiveCfg = Release|Any CPU
		{1D7A8279-3DD8-4EB5-B6E1-5DC62218793D}.Release|Any CPU.Build.0 = Release|Any CPU
		{98711AD9-472A-4AB2-B741-C01365C2B0CB}.Debug|Any CPU.ActiveCfg = Debug|Any CPU
		{98711AD9-472A-4AB2-B741-C01365C2B0CB}.Debug|Any CPU.Build.0 = Debug|Any CPU
		{98711AD9-472A-4AB2-B741-C01365C2B0CB}.Release|Any CPU.ActiveCfg = Release|Any CPU
		{98711AD9-472A-4AB2-B741-C01365C2B0CB}.Release|Any CPU.Build.0 = Release|Any CPU
		{D8BD8EED-A038-4819-A2E2-9A654665683E}.Debug|Any CPU.ActiveCfg = Debug|Any CPU
		{D8BD8EED-A038-4819-A2E2-9A654665683E}.Debug|Any CPU.Build.0 = Debug|Any CPU
		{D8BD8EED-A038-4819-A2E2-9A654665683E}.Release|Any CPU.ActiveCfg = Release|Any CPU
		{D8BD8EED-A038-4819-A2E2-9A654665683E}.Release|Any CPU.Build.0 = Release|Any CPU
		{65D8EEE4-D053-4826-B028-A69CC1870648}.Debug|Any CPU.ActiveCfg = Debug|Any CPU
		{65D8EEE4-D053-4826-B028-A69CC1870648}.Debug|Any CPU.Build.0 = Debug|Any CPU
		{65D8EEE4-D053-4826-B028-A69CC1870648}.Release|Any CPU.ActiveCfg = Release|Any CPU
		{65D8EEE4-D053-4826-B028-A69CC1870648}.Release|Any CPU.Build.0 = Release|Any CPU
		{51F9C9C2-08AB-47B9-82B2-D57133B05828}.Debug|Any CPU.ActiveCfg = Debug|Any CPU
		{51F9C9C2-08AB-47B9-82B2-D57133B05828}.Debug|Any CPU.Build.0 = Debug|Any CPU
		{51F9C9C2-08AB-47B9-82B2-D57133B05828}.Release|Any CPU.ActiveCfg = Release|Any CPU
		{51F9C9C2-08AB-47B9-82B2-D57133B05828}.Release|Any CPU.Build.0 = Release|Any CPU
		{74507C32-F2AC-40F0-A4B6-69642938610B}.Debug|Any CPU.ActiveCfg = Debug|Any CPU
		{74507C32-F2AC-40F0-A4B6-69642938610B}.Debug|Any CPU.Build.0 = Debug|Any CPU
		{74507C32-F2AC-40F0-A4B6-69642938610B}.Release|Any CPU.ActiveCfg = Release|Any CPU
		{74507C32-F2AC-40F0-A4B6-69642938610B}.Release|Any CPU.Build.0 = Release|Any CPU
		{9054F217-A882-45D4-9CEB-E91E1AE15A09}.Debug|Any CPU.ActiveCfg = Debug|Any CPU
		{9054F217-A882-45D4-9CEB-E91E1AE15A09}.Debug|Any CPU.Build.0 = Debug|Any CPU
		{9054F217-A882-45D4-9CEB-E91E1AE15A09}.Release|Any CPU.ActiveCfg = Release|Any CPU
		{9054F217-A882-45D4-9CEB-E91E1AE15A09}.Release|Any CPU.Build.0 = Release|Any CPU
		{AFADD268-7A72-46FE-AD11-CF0874AAE8D2}.Debug|Any CPU.ActiveCfg = Debug|Any CPU
		{AFADD268-7A72-46FE-AD11-CF0874AAE8D2}.Debug|Any CPU.Build.0 = Debug|Any CPU
		{AFADD268-7A72-46FE-AD11-CF0874AAE8D2}.Release|Any CPU.ActiveCfg = Release|Any CPU
		{AFADD268-7A72-46FE-AD11-CF0874AAE8D2}.Release|Any CPU.Build.0 = Release|Any CPU
		{2282CA93-2F4D-4C88-AB4F-E88892A46F50}.Debug|Any CPU.ActiveCfg = Debug|Any CPU
		{2282CA93-2F4D-4C88-AB4F-E88892A46F50}.Debug|Any CPU.Build.0 = Debug|Any CPU
		{2282CA93-2F4D-4C88-AB4F-E88892A46F50}.Release|Any CPU.ActiveCfg = Release|Any CPU
		{2282CA93-2F4D-4C88-AB4F-E88892A46F50}.Release|Any CPU.Build.0 = Release|Any CPU
		{29431942-7903-4AAA-B032-342EFF802F24}.Debug|Any CPU.ActiveCfg = Debug|Any CPU
		{29431942-7903-4AAA-B032-342EFF802F24}.Debug|Any CPU.Build.0 = Debug|Any CPU
		{29431942-7903-4AAA-B032-342EFF802F24}.Release|Any CPU.ActiveCfg = Release|Any CPU
		{29431942-7903-4AAA-B032-342EFF802F24}.Release|Any CPU.Build.0 = Release|Any CPU
		{318E0693-17D7-4219-B0F3-D67DB0053577}.Debug|Any CPU.ActiveCfg = Debug|Any CPU
		{318E0693-17D7-4219-B0F3-D67DB0053577}.Debug|Any CPU.Build.0 = Debug|Any CPU
		{318E0693-17D7-4219-B0F3-D67DB0053577}.Release|Any CPU.ActiveCfg = Release|Any CPU
		{318E0693-17D7-4219-B0F3-D67DB0053577}.Release|Any CPU.Build.0 = Release|Any CPU
		{20D94496-9CCD-481F-91A1-AC9F612D0406}.Debug|Any CPU.ActiveCfg = Debug|Any CPU
		{20D94496-9CCD-481F-91A1-AC9F612D0406}.Debug|Any CPU.Build.0 = Debug|Any CPU
		{20D94496-9CCD-481F-91A1-AC9F612D0406}.Release|Any CPU.ActiveCfg = Release|Any CPU
		{20D94496-9CCD-481F-91A1-AC9F612D0406}.Release|Any CPU.Build.0 = Release|Any CPU
		{008B26B9-8444-4008-9E97-74D7CA81B783}.Debug|Any CPU.ActiveCfg = Debug|Any CPU
		{008B26B9-8444-4008-9E97-74D7CA81B783}.Debug|Any CPU.Build.0 = Debug|Any CPU
		{008B26B9-8444-4008-9E97-74D7CA81B783}.Release|Any CPU.ActiveCfg = Release|Any CPU
		{008B26B9-8444-4008-9E97-74D7CA81B783}.Release|Any CPU.Build.0 = Release|Any CPU
		{B3E7D9DC-7940-45F0-BFEB-1B107C5A4E12}.Debug|Any CPU.ActiveCfg = Debug|Any CPU
		{B3E7D9DC-7940-45F0-BFEB-1B107C5A4E12}.Debug|Any CPU.Build.0 = Debug|Any CPU
		{B3E7D9DC-7940-45F0-BFEB-1B107C5A4E12}.Release|Any CPU.ActiveCfg = Release|Any CPU
		{B3E7D9DC-7940-45F0-BFEB-1B107C5A4E12}.Release|Any CPU.Build.0 = Release|Any CPU
		{A062DE19-A921-4F2A-BDDA-2418E2694766}.Debug|Any CPU.ActiveCfg = Debug|Any CPU
		{A062DE19-A921-4F2A-BDDA-2418E2694766}.Debug|Any CPU.Build.0 = Debug|Any CPU
		{A062DE19-A921-4F2A-BDDA-2418E2694766}.Release|Any CPU.ActiveCfg = Release|Any CPU
		{A062DE19-A921-4F2A-BDDA-2418E2694766}.Release|Any CPU.Build.0 = Release|Any CPU
		{9B1DAEA3-33B3-47C6-9E8B-21ED2F225E51}.Debug|Any CPU.ActiveCfg = Debug|Any CPU
		{9B1DAEA3-33B3-47C6-9E8B-21ED2F225E51}.Debug|Any CPU.Build.0 = Debug|Any CPU
		{9B1DAEA3-33B3-47C6-9E8B-21ED2F225E51}.Release|Any CPU.ActiveCfg = Release|Any CPU
		{9B1DAEA3-33B3-47C6-9E8B-21ED2F225E51}.Release|Any CPU.Build.0 = Release|Any CPU
		{941FD0B4-3E18-49C5-BF49-C627BB56EF5F}.Debug|Any CPU.ActiveCfg = Debug|Any CPU
		{941FD0B4-3E18-49C5-BF49-C627BB56EF5F}.Debug|Any CPU.Build.0 = Debug|Any CPU
		{941FD0B4-3E18-49C5-BF49-C627BB56EF5F}.Release|Any CPU.ActiveCfg = Release|Any CPU
		{941FD0B4-3E18-49C5-BF49-C627BB56EF5F}.Release|Any CPU.Build.0 = Release|Any CPU
		{70F3B3A3-1BD1-4930-85DE-68C5160DDE1C}.Debug|Any CPU.ActiveCfg = Debug|Any CPU
		{70F3B3A3-1BD1-4930-85DE-68C5160DDE1C}.Debug|Any CPU.Build.0 = Debug|Any CPU
		{70F3B3A3-1BD1-4930-85DE-68C5160DDE1C}.Release|Any CPU.ActiveCfg = Release|Any CPU
		{70F3B3A3-1BD1-4930-85DE-68C5160DDE1C}.Release|Any CPU.Build.0 = Release|Any CPU
		{C9A994AF-10FD-45A1-95D7-F491C686D3AE}.Debug|Any CPU.ActiveCfg = Debug|Any CPU
		{C9A994AF-10FD-45A1-95D7-F491C686D3AE}.Debug|Any CPU.Build.0 = Debug|Any CPU
		{C9A994AF-10FD-45A1-95D7-F491C686D3AE}.Release|Any CPU.ActiveCfg = Release|Any CPU
		{C9A994AF-10FD-45A1-95D7-F491C686D3AE}.Release|Any CPU.Build.0 = Release|Any CPU
		{8E7E185C-23D0-4AE8-AF90-93A903FF4D87}.Debug|Any CPU.ActiveCfg = Debug|Any CPU
		{8E7E185C-23D0-4AE8-AF90-93A903FF4D87}.Debug|Any CPU.Build.0 = Debug|Any CPU
		{8E7E185C-23D0-4AE8-AF90-93A903FF4D87}.Release|Any CPU.ActiveCfg = Release|Any CPU
		{8E7E185C-23D0-4AE8-AF90-93A903FF4D87}.Release|Any CPU.Build.0 = Release|Any CPU
		{8BC994E3-AACA-4217-9479-137A100B5A41}.Debug|Any CPU.ActiveCfg = Debug|Any CPU
		{8BC994E3-AACA-4217-9479-137A100B5A41}.Debug|Any CPU.Build.0 = Debug|Any CPU
		{8BC994E3-AACA-4217-9479-137A100B5A41}.Release|Any CPU.ActiveCfg = Release|Any CPU
		{8BC994E3-AACA-4217-9479-137A100B5A41}.Release|Any CPU.Build.0 = Release|Any CPU
		{58F8186D-5179-47A8-88E0-46248BAB9111}.Debug|Any CPU.ActiveCfg = Debug|Any CPU
		{58F8186D-5179-47A8-88E0-46248BAB9111}.Debug|Any CPU.Build.0 = Debug|Any CPU
		{58F8186D-5179-47A8-88E0-46248BAB9111}.Release|Any CPU.ActiveCfg = Release|Any CPU
		{58F8186D-5179-47A8-88E0-46248BAB9111}.Release|Any CPU.Build.0 = Release|Any CPU
		{E10F0C1E-76FE-4EB4-9821-5CD25E068F1D}.Debug|Any CPU.ActiveCfg = Debug|Any CPU
		{E10F0C1E-76FE-4EB4-9821-5CD25E068F1D}.Debug|Any CPU.Build.0 = Debug|Any CPU
		{E10F0C1E-76FE-4EB4-9821-5CD25E068F1D}.Release|Any CPU.ActiveCfg = Release|Any CPU
		{E10F0C1E-76FE-4EB4-9821-5CD25E068F1D}.Release|Any CPU.Build.0 = Release|Any CPU
		{DB7D81CD-1563-4E11-BF90-D7BE5440FEF7}.Debug|Any CPU.ActiveCfg = Debug|Any CPU
		{DB7D81CD-1563-4E11-BF90-D7BE5440FEF7}.Debug|Any CPU.Build.0 = Debug|Any CPU
		{DB7D81CD-1563-4E11-BF90-D7BE5440FEF7}.Release|Any CPU.ActiveCfg = Release|Any CPU
		{DB7D81CD-1563-4E11-BF90-D7BE5440FEF7}.Release|Any CPU.Build.0 = Release|Any CPU
		{7B12E45E-F492-4109-88C2-AC2441D87E90}.Debug|Any CPU.ActiveCfg = Debug|Any CPU
		{7B12E45E-F492-4109-88C2-AC2441D87E90}.Debug|Any CPU.Build.0 = Debug|Any CPU
		{7B12E45E-F492-4109-88C2-AC2441D87E90}.Release|Any CPU.ActiveCfg = Release|Any CPU
		{7B12E45E-F492-4109-88C2-AC2441D87E90}.Release|Any CPU.Build.0 = Release|Any CPU
		{0F08DB28-7999-428F-82C6-6B45630B4F6C}.Debug|Any CPU.ActiveCfg = Debug|Any CPU
		{0F08DB28-7999-428F-82C6-6B45630B4F6C}.Debug|Any CPU.Build.0 = Debug|Any CPU
		{0F08DB28-7999-428F-82C6-6B45630B4F6C}.Release|Any CPU.ActiveCfg = Release|Any CPU
		{0F08DB28-7999-428F-82C6-6B45630B4F6C}.Release|Any CPU.Build.0 = Release|Any CPU
		{22F1A197-E3F4-4D2F-A477-4B471E282FD4}.Debug|Any CPU.ActiveCfg = Debug|Any CPU
		{22F1A197-E3F4-4D2F-A477-4B471E282FD4}.Debug|Any CPU.Build.0 = Debug|Any CPU
		{22F1A197-E3F4-4D2F-A477-4B471E282FD4}.Release|Any CPU.ActiveCfg = Release|Any CPU
		{22F1A197-E3F4-4D2F-A477-4B471E282FD4}.Release|Any CPU.Build.0 = Release|Any CPU
		{C9DEE038-8437-4F44-8A21-6DDB0CE2D6E9}.Debug|Any CPU.ActiveCfg = Debug|Any CPU
		{C9DEE038-8437-4F44-8A21-6DDB0CE2D6E9}.Debug|Any CPU.Build.0 = Debug|Any CPU
		{C9DEE038-8437-4F44-8A21-6DDB0CE2D6E9}.Release|Any CPU.ActiveCfg = Release|Any CPU
		{C9DEE038-8437-4F44-8A21-6DDB0CE2D6E9}.Release|Any CPU.Build.0 = Release|Any CPU
		{C53C28F0-D107-495B-91DB-6D4F6685FDB4}.Debug|Any CPU.ActiveCfg = Debug|Any CPU
		{C53C28F0-D107-495B-91DB-6D4F6685FDB4}.Debug|Any CPU.Build.0 = Debug|Any CPU
		{C53C28F0-D107-495B-91DB-6D4F6685FDB4}.Release|Any CPU.ActiveCfg = Release|Any CPU
		{C53C28F0-D107-495B-91DB-6D4F6685FDB4}.Release|Any CPU.Build.0 = Release|Any CPU
		{18365692-82B5-4949-894A-FC8E02F1348E}.Debug|Any CPU.ActiveCfg = Debug|Any CPU
		{18365692-82B5-4949-894A-FC8E02F1348E}.Debug|Any CPU.Build.0 = Debug|Any CPU
		{18365692-82B5-4949-894A-FC8E02F1348E}.Release|Any CPU.ActiveCfg = Release|Any CPU
		{18365692-82B5-4949-894A-FC8E02F1348E}.Release|Any CPU.Build.0 = Release|Any CPU
		{1818C942-669C-4F61-8032-19E82F64AD21}.Debug|Any CPU.ActiveCfg = Debug|Any CPU
		{1818C942-669C-4F61-8032-19E82F64AD21}.Debug|Any CPU.Build.0 = Debug|Any CPU
		{1818C942-669C-4F61-8032-19E82F64AD21}.Release|Any CPU.ActiveCfg = Release|Any CPU
		{1818C942-669C-4F61-8032-19E82F64AD21}.Release|Any CPU.Build.0 = Release|Any CPU
		{DF7E4D39-137D-4B02-B3D9-01D2953600D6}.Debug|Any CPU.ActiveCfg = Debug|Any CPU
		{DF7E4D39-137D-4B02-B3D9-01D2953600D6}.Debug|Any CPU.Build.0 = Debug|Any CPU
		{DF7E4D39-137D-4B02-B3D9-01D2953600D6}.Release|Any CPU.ActiveCfg = Release|Any CPU
		{DF7E4D39-137D-4B02-B3D9-01D2953600D6}.Release|Any CPU.Build.0 = Release|Any CPU
		{3CEB4096-3A5D-44E6-BF3D-8D1A0E939930}.Debug|Any CPU.ActiveCfg = Debug|Any CPU
		{3CEB4096-3A5D-44E6-BF3D-8D1A0E939930}.Debug|Any CPU.Build.0 = Debug|Any CPU
		{3CEB4096-3A5D-44E6-BF3D-8D1A0E939930}.Release|Any CPU.ActiveCfg = Release|Any CPU
		{3CEB4096-3A5D-44E6-BF3D-8D1A0E939930}.Release|Any CPU.Build.0 = Release|Any CPU
		{49547D1D-3E1B-4DB3-AE4F-C244CC6F1F86}.Debug|Any CPU.ActiveCfg = Debug|Any CPU
		{49547D1D-3E1B-4DB3-AE4F-C244CC6F1F86}.Debug|Any CPU.Build.0 = Debug|Any CPU
		{49547D1D-3E1B-4DB3-AE4F-C244CC6F1F86}.Release|Any CPU.ActiveCfg = Release|Any CPU
		{49547D1D-3E1B-4DB3-AE4F-C244CC6F1F86}.Release|Any CPU.Build.0 = Release|Any CPU
		{756EF066-3076-4F63-B1C2-137876238AD7}.Debug|Any CPU.ActiveCfg = Debug|Any CPU
		{756EF066-3076-4F63-B1C2-137876238AD7}.Debug|Any CPU.Build.0 = Debug|Any CPU
		{756EF066-3076-4F63-B1C2-137876238AD7}.Release|Any CPU.ActiveCfg = Release|Any CPU
		{756EF066-3076-4F63-B1C2-137876238AD7}.Release|Any CPU.Build.0 = Release|Any CPU
		{C49C7DD3-C854-4552-9F1C-52E432583558}.Debug|Any CPU.ActiveCfg = Debug|Any CPU
		{C49C7DD3-C854-4552-9F1C-52E432583558}.Debug|Any CPU.Build.0 = Debug|Any CPU
		{C49C7DD3-C854-4552-9F1C-52E432583558}.Release|Any CPU.ActiveCfg = Release|Any CPU
		{C49C7DD3-C854-4552-9F1C-52E432583558}.Release|Any CPU.Build.0 = Release|Any CPU
		{187AE1A4-7283-4067-B1FB-776E6A7A2E2E}.Debug|Any CPU.ActiveCfg = Debug|Any CPU
		{187AE1A4-7283-4067-B1FB-776E6A7A2E2E}.Debug|Any CPU.Build.0 = Debug|Any CPU
		{187AE1A4-7283-4067-B1FB-776E6A7A2E2E}.Release|Any CPU.ActiveCfg = Release|Any CPU
		{187AE1A4-7283-4067-B1FB-776E6A7A2E2E}.Release|Any CPU.Build.0 = Release|Any CPU
		{7A1A96C8-9594-49BE-985B-8B36846A1223}.Debug|Any CPU.ActiveCfg = Debug|Any CPU
		{7A1A96C8-9594-49BE-985B-8B36846A1223}.Debug|Any CPU.Build.0 = Debug|Any CPU
		{7A1A96C8-9594-49BE-985B-8B36846A1223}.Release|Any CPU.ActiveCfg = Release|Any CPU
		{7A1A96C8-9594-49BE-985B-8B36846A1223}.Release|Any CPU.Build.0 = Release|Any CPU
		{A2CD3809-2D2B-4B08-AC6C-4EE7C710B819}.Debug|Any CPU.ActiveCfg = Debug|Any CPU
		{A2CD3809-2D2B-4B08-AC6C-4EE7C710B819}.Debug|Any CPU.Build.0 = Debug|Any CPU
		{A2CD3809-2D2B-4B08-AC6C-4EE7C710B819}.Release|Any CPU.ActiveCfg = Release|Any CPU
		{A2CD3809-2D2B-4B08-AC6C-4EE7C710B819}.Release|Any CPU.Build.0 = Release|Any CPU
		{7566DF36-B214-41B2-A0F3-84BB1E984DD0}.Debug|Any CPU.ActiveCfg = Debug|Any CPU
		{7566DF36-B214-41B2-A0F3-84BB1E984DD0}.Debug|Any CPU.Build.0 = Debug|Any CPU
		{7566DF36-B214-41B2-A0F3-84BB1E984DD0}.Release|Any CPU.ActiveCfg = Release|Any CPU
		{7566DF36-B214-41B2-A0F3-84BB1E984DD0}.Release|Any CPU.Build.0 = Release|Any CPU
		{C138F2BA-A010-472C-9D8E-5C4A1722FB2C}.Debug|Any CPU.ActiveCfg = Debug|Any CPU
		{C138F2BA-A010-472C-9D8E-5C4A1722FB2C}.Debug|Any CPU.Build.0 = Debug|Any CPU
		{C138F2BA-A010-472C-9D8E-5C4A1722FB2C}.Release|Any CPU.ActiveCfg = Release|Any CPU
		{C138F2BA-A010-472C-9D8E-5C4A1722FB2C}.Release|Any CPU.Build.0 = Release|Any CPU
		{190586F7-D9F9-4CB1-8098-A34B97DCCD2C}.Debug|Any CPU.ActiveCfg = Debug|Any CPU
		{190586F7-D9F9-4CB1-8098-A34B97DCCD2C}.Debug|Any CPU.Build.0 = Debug|Any CPU
		{190586F7-D9F9-4CB1-8098-A34B97DCCD2C}.Release|Any CPU.ActiveCfg = Release|Any CPU
		{190586F7-D9F9-4CB1-8098-A34B97DCCD2C}.Release|Any CPU.Build.0 = Release|Any CPU
		{4E30A4F0-F3E7-42FD-9DD0-3C1797D117BB}.Debug|Any CPU.ActiveCfg = Debug|Any CPU
		{4E30A4F0-F3E7-42FD-9DD0-3C1797D117BB}.Debug|Any CPU.Build.0 = Debug|Any CPU
		{4E30A4F0-F3E7-42FD-9DD0-3C1797D117BB}.Release|Any CPU.ActiveCfg = Release|Any CPU
		{4E30A4F0-F3E7-42FD-9DD0-3C1797D117BB}.Release|Any CPU.Build.0 = Release|Any CPU
		{AB761A73-1A0F-47DA-BBD8-356D21E7F148}.Debug|Any CPU.ActiveCfg = Debug|Any CPU
		{AB761A73-1A0F-47DA-BBD8-356D21E7F148}.Debug|Any CPU.Build.0 = Debug|Any CPU
		{AB761A73-1A0F-47DA-BBD8-356D21E7F148}.Release|Any CPU.ActiveCfg = Release|Any CPU
		{AB761A73-1A0F-47DA-BBD8-356D21E7F148}.Release|Any CPU.Build.0 = Release|Any CPU
		{53DB68BA-29A8-4EE0-8844-95D1E5E5AA5C}.Debug|Any CPU.ActiveCfg = Debug|Any CPU
		{53DB68BA-29A8-4EE0-8844-95D1E5E5AA5C}.Debug|Any CPU.Build.0 = Debug|Any CPU
		{53DB68BA-29A8-4EE0-8844-95D1E5E5AA5C}.Release|Any CPU.ActiveCfg = Release|Any CPU
		{53DB68BA-29A8-4EE0-8844-95D1E5E5AA5C}.Release|Any CPU.Build.0 = Release|Any CPU
		{B76966A1-3093-45ED-A2F3-83E66C66704E}.Debug|Any CPU.ActiveCfg = Debug|Any CPU
		{B76966A1-3093-45ED-A2F3-83E66C66704E}.Debug|Any CPU.Build.0 = Debug|Any CPU
		{B76966A1-3093-45ED-A2F3-83E66C66704E}.Release|Any CPU.ActiveCfg = Release|Any CPU
		{B76966A1-3093-45ED-A2F3-83E66C66704E}.Release|Any CPU.Build.0 = Release|Any CPU
		{46F4233F-B086-4238-A594-D9A42E08D8D1}.Debug|Any CPU.ActiveCfg = Debug|Any CPU
		{46F4233F-B086-4238-A594-D9A42E08D8D1}.Debug|Any CPU.Build.0 = Debug|Any CPU
		{46F4233F-B086-4238-A594-D9A42E08D8D1}.Release|Any CPU.ActiveCfg = Release|Any CPU
		{46F4233F-B086-4238-A594-D9A42E08D8D1}.Release|Any CPU.Build.0 = Release|Any CPU
		{188B1CA5-8449-4411-9423-C81CD7B6A02D}.Debug|Any CPU.ActiveCfg = Debug|Any CPU
		{188B1CA5-8449-4411-9423-C81CD7B6A02D}.Debug|Any CPU.Build.0 = Debug|Any CPU
		{188B1CA5-8449-4411-9423-C81CD7B6A02D}.Release|Any CPU.ActiveCfg = Release|Any CPU
		{188B1CA5-8449-4411-9423-C81CD7B6A02D}.Release|Any CPU.Build.0 = Release|Any CPU
		{A2F9DF54-3A89-484D-B7B9-3540A1A0C0C2}.Debug|Any CPU.ActiveCfg = Debug|Any CPU
		{A2F9DF54-3A89-484D-B7B9-3540A1A0C0C2}.Debug|Any CPU.Build.0 = Debug|Any CPU
		{A2F9DF54-3A89-484D-B7B9-3540A1A0C0C2}.Release|Any CPU.ActiveCfg = Release|Any CPU
		{A2F9DF54-3A89-484D-B7B9-3540A1A0C0C2}.Release|Any CPU.Build.0 = Release|Any CPU
		{454D5C11-314B-4927-BABA-194CDC03FD5F}.Debug|Any CPU.ActiveCfg = Debug|Any CPU
		{454D5C11-314B-4927-BABA-194CDC03FD5F}.Debug|Any CPU.Build.0 = Debug|Any CPU
		{454D5C11-314B-4927-BABA-194CDC03FD5F}.Release|Any CPU.ActiveCfg = Release|Any CPU
		{454D5C11-314B-4927-BABA-194CDC03FD5F}.Release|Any CPU.Build.0 = Release|Any CPU
		{972203DE-2F2A-4702-8A92-6CC3A6047FA9}.Debug|Any CPU.ActiveCfg = Debug|Any CPU
		{972203DE-2F2A-4702-8A92-6CC3A6047FA9}.Debug|Any CPU.Build.0 = Debug|Any CPU
		{972203DE-2F2A-4702-8A92-6CC3A6047FA9}.Release|Any CPU.ActiveCfg = Release|Any CPU
		{972203DE-2F2A-4702-8A92-6CC3A6047FA9}.Release|Any CPU.Build.0 = Release|Any CPU
		{4EC32F60-E841-4C49-8607-F1EBDB913B47}.Debug|Any CPU.ActiveCfg = Debug|Any CPU
		{4EC32F60-E841-4C49-8607-F1EBDB913B47}.Debug|Any CPU.Build.0 = Debug|Any CPU
		{4EC32F60-E841-4C49-8607-F1EBDB913B47}.Release|Any CPU.ActiveCfg = Release|Any CPU
		{4EC32F60-E841-4C49-8607-F1EBDB913B47}.Release|Any CPU.Build.0 = Release|Any CPU
		{34184C0E-745E-451E-ACD9-8891532D9457}.Debug|Any CPU.ActiveCfg = Debug|Any CPU
		{34184C0E-745E-451E-ACD9-8891532D9457}.Debug|Any CPU.Build.0 = Debug|Any CPU
		{34184C0E-745E-451E-ACD9-8891532D9457}.Release|Any CPU.ActiveCfg = Release|Any CPU
		{34184C0E-745E-451E-ACD9-8891532D9457}.Release|Any CPU.Build.0 = Release|Any CPU
		{172BEFD9-52BB-4B84-8481-5671C8E28675}.Debug|Any CPU.ActiveCfg = Debug|Any CPU
		{172BEFD9-52BB-4B84-8481-5671C8E28675}.Debug|Any CPU.Build.0 = Debug|Any CPU
		{172BEFD9-52BB-4B84-8481-5671C8E28675}.Release|Any CPU.ActiveCfg = Release|Any CPU
		{172BEFD9-52BB-4B84-8481-5671C8E28675}.Release|Any CPU.Build.0 = Release|Any CPU
		{4D6FA72A-AD3C-4E99-AB28-E20D46A893D6}.Debug|Any CPU.ActiveCfg = Debug|Any CPU
		{4D6FA72A-AD3C-4E99-AB28-E20D46A893D6}.Debug|Any CPU.Build.0 = Debug|Any CPU
		{4D6FA72A-AD3C-4E99-AB28-E20D46A893D6}.Release|Any CPU.ActiveCfg = Release|Any CPU
		{4D6FA72A-AD3C-4E99-AB28-E20D46A893D6}.Release|Any CPU.Build.0 = Release|Any CPU
		{C8405DBF-B4C1-4A59-9C7A-C90933384C34}.Debug|Any CPU.ActiveCfg = Debug|Any CPU
		{C8405DBF-B4C1-4A59-9C7A-C90933384C34}.Debug|Any CPU.Build.0 = Debug|Any CPU
		{C8405DBF-B4C1-4A59-9C7A-C90933384C34}.Release|Any CPU.ActiveCfg = Release|Any CPU
		{C8405DBF-B4C1-4A59-9C7A-C90933384C34}.Release|Any CPU.Build.0 = Release|Any CPU
		{5C4C084F-BB62-485F-8EAE-08C1B7536C87}.Debug|Any CPU.ActiveCfg = Debug|Any CPU
		{5C4C084F-BB62-485F-8EAE-08C1B7536C87}.Debug|Any CPU.Build.0 = Debug|Any CPU
		{5C4C084F-BB62-485F-8EAE-08C1B7536C87}.Release|Any CPU.ActiveCfg = Release|Any CPU
		{5C4C084F-BB62-485F-8EAE-08C1B7536C87}.Release|Any CPU.Build.0 = Release|Any CPU
		{D7978258-AFE5-4854-AB7A-E2DDB48AA72D}.Debug|Any CPU.ActiveCfg = Debug|Any CPU
		{D7978258-AFE5-4854-AB7A-E2DDB48AA72D}.Debug|Any CPU.Build.0 = Debug|Any CPU
		{D7978258-AFE5-4854-AB7A-E2DDB48AA72D}.Release|Any CPU.ActiveCfg = Release|Any CPU
		{D7978258-AFE5-4854-AB7A-E2DDB48AA72D}.Release|Any CPU.Build.0 = Release|Any CPU
		{69FA8F62-260A-4C48-92C2-957839586E9E}.Debug|Any CPU.ActiveCfg = Debug|Any CPU
		{69FA8F62-260A-4C48-92C2-957839586E9E}.Debug|Any CPU.Build.0 = Debug|Any CPU
		{69FA8F62-260A-4C48-92C2-957839586E9E}.Release|Any CPU.ActiveCfg = Release|Any CPU
		{69FA8F62-260A-4C48-92C2-957839586E9E}.Release|Any CPU.Build.0 = Release|Any CPU
		{79F57BD7-2A32-4035-A472-8AAB3DD7929D}.Debug|Any CPU.ActiveCfg = Debug|Any CPU
		{79F57BD7-2A32-4035-A472-8AAB3DD7929D}.Debug|Any CPU.Build.0 = Debug|Any CPU
		{79F57BD7-2A32-4035-A472-8AAB3DD7929D}.Release|Any CPU.ActiveCfg = Release|Any CPU
		{79F57BD7-2A32-4035-A472-8AAB3DD7929D}.Release|Any CPU.Build.0 = Release|Any CPU
		{63133D38-D172-4A7B-A478-0409E100F9C1}.Debug|Any CPU.ActiveCfg = Debug|Any CPU
		{63133D38-D172-4A7B-A478-0409E100F9C1}.Debug|Any CPU.Build.0 = Debug|Any CPU
		{63133D38-D172-4A7B-A478-0409E100F9C1}.Release|Any CPU.ActiveCfg = Release|Any CPU
		{63133D38-D172-4A7B-A478-0409E100F9C1}.Release|Any CPU.Build.0 = Release|Any CPU
		{16CAF296-F310-4EBC-9E3D-909DC83D5005}.Debug|Any CPU.ActiveCfg = Debug|Any CPU
		{16CAF296-F310-4EBC-9E3D-909DC83D5005}.Debug|Any CPU.Build.0 = Debug|Any CPU
		{16CAF296-F310-4EBC-9E3D-909DC83D5005}.Release|Any CPU.ActiveCfg = Release|Any CPU
		{16CAF296-F310-4EBC-9E3D-909DC83D5005}.Release|Any CPU.Build.0 = Release|Any CPU
		{AB1F5EBB-2DB7-4C06-9026-47C4BC0B0C25}.Debug|Any CPU.ActiveCfg = Debug|Any CPU
		{AB1F5EBB-2DB7-4C06-9026-47C4BC0B0C25}.Debug|Any CPU.Build.0 = Debug|Any CPU
		{AB1F5EBB-2DB7-4C06-9026-47C4BC0B0C25}.Release|Any CPU.ActiveCfg = Release|Any CPU
		{AB1F5EBB-2DB7-4C06-9026-47C4BC0B0C25}.Release|Any CPU.Build.0 = Release|Any CPU
		{D0272111-E58E-45BE-9A56-AC615C13039B}.Debug|Any CPU.ActiveCfg = Debug|Any CPU
		{D0272111-E58E-45BE-9A56-AC615C13039B}.Debug|Any CPU.Build.0 = Debug|Any CPU
		{D0272111-E58E-45BE-9A56-AC615C13039B}.Release|Any CPU.ActiveCfg = Release|Any CPU
		{D0272111-E58E-45BE-9A56-AC615C13039B}.Release|Any CPU.Build.0 = Release|Any CPU
		{0E107B47-997D-4D11-8827-1D425828E2CE}.Debug|Any CPU.ActiveCfg = Debug|Any CPU
		{0E107B47-997D-4D11-8827-1D425828E2CE}.Debug|Any CPU.Build.0 = Debug|Any CPU
		{0E107B47-997D-4D11-8827-1D425828E2CE}.Release|Any CPU.ActiveCfg = Release|Any CPU
		{0E107B47-997D-4D11-8827-1D425828E2CE}.Release|Any CPU.Build.0 = Release|Any CPU
		{68CDFBE6-EE44-40B7-888D-F798A7927EAC}.Debug|Any CPU.ActiveCfg = Debug|Any CPU
		{68CDFBE6-EE44-40B7-888D-F798A7927EAC}.Debug|Any CPU.Build.0 = Debug|Any CPU
		{68CDFBE6-EE44-40B7-888D-F798A7927EAC}.Release|Any CPU.ActiveCfg = Release|Any CPU
		{68CDFBE6-EE44-40B7-888D-F798A7927EAC}.Release|Any CPU.Build.0 = Release|Any CPU
		{A7E0125C-4EF0-4C1C-A99B-C35825D6A2EE}.Debug|Any CPU.ActiveCfg = Debug|Any CPU
		{A7E0125C-4EF0-4C1C-A99B-C35825D6A2EE}.Debug|Any CPU.Build.0 = Debug|Any CPU
		{A7E0125C-4EF0-4C1C-A99B-C35825D6A2EE}.Release|Any CPU.ActiveCfg = Release|Any CPU
		{A7E0125C-4EF0-4C1C-A99B-C35825D6A2EE}.Release|Any CPU.Build.0 = Release|Any CPU
		{6D809076-C930-4903-9C01-8F94970554A1}.Debug|Any CPU.ActiveCfg = Debug|Any CPU
		{6D809076-C930-4903-9C01-8F94970554A1}.Debug|Any CPU.Build.0 = Debug|Any CPU
		{6D809076-C930-4903-9C01-8F94970554A1}.Release|Any CPU.ActiveCfg = Release|Any CPU
		{6D809076-C930-4903-9C01-8F94970554A1}.Release|Any CPU.Build.0 = Release|Any CPU
		{D7D73C6D-E512-475B-BA31-74D987ADC8BB}.Debug|Any CPU.ActiveCfg = Debug|Any CPU
		{D7D73C6D-E512-475B-BA31-74D987ADC8BB}.Debug|Any CPU.Build.0 = Debug|Any CPU
		{D7D73C6D-E512-475B-BA31-74D987ADC8BB}.Release|Any CPU.ActiveCfg = Release|Any CPU
		{D7D73C6D-E512-475B-BA31-74D987ADC8BB}.Release|Any CPU.Build.0 = Release|Any CPU
		{85392E4F-3AFB-42D2-B664-41F1C8B3BBC7}.Debug|Any CPU.ActiveCfg = Debug|Any CPU
		{85392E4F-3AFB-42D2-B664-41F1C8B3BBC7}.Debug|Any CPU.Build.0 = Debug|Any CPU
		{85392E4F-3AFB-42D2-B664-41F1C8B3BBC7}.Release|Any CPU.ActiveCfg = Release|Any CPU
		{85392E4F-3AFB-42D2-B664-41F1C8B3BBC7}.Release|Any CPU.Build.0 = Release|Any CPU
		{4A17DC05-339B-4E88-9274-DA49A4D347C7}.Debug|Any CPU.ActiveCfg = Debug|Any CPU
		{4A17DC05-339B-4E88-9274-DA49A4D347C7}.Debug|Any CPU.Build.0 = Debug|Any CPU
		{4A17DC05-339B-4E88-9274-DA49A4D347C7}.Release|Any CPU.ActiveCfg = Release|Any CPU
		{4A17DC05-339B-4E88-9274-DA49A4D347C7}.Release|Any CPU.Build.0 = Release|Any CPU
		{CC84E2CE-07FB-4FA1-B012-413158428EA6}.Debug|Any CPU.ActiveCfg = Debug|Any CPU
		{CC84E2CE-07FB-4FA1-B012-413158428EA6}.Debug|Any CPU.Build.0 = Debug|Any CPU
		{CC84E2CE-07FB-4FA1-B012-413158428EA6}.Release|Any CPU.ActiveCfg = Release|Any CPU
		{CC84E2CE-07FB-4FA1-B012-413158428EA6}.Release|Any CPU.Build.0 = Release|Any CPU
		{04284313-7B49-478A-B461-C41784D3DCAD}.Debug|Any CPU.ActiveCfg = Debug|Any CPU
		{04284313-7B49-478A-B461-C41784D3DCAD}.Debug|Any CPU.Build.0 = Debug|Any CPU
		{04284313-7B49-478A-B461-C41784D3DCAD}.Release|Any CPU.ActiveCfg = Release|Any CPU
		{04284313-7B49-478A-B461-C41784D3DCAD}.Release|Any CPU.Build.0 = Release|Any CPU
		{19AF6C6D-6BA0-4FF8-A8B2-B4B0212606F9}.Debug|Any CPU.ActiveCfg = Debug|Any CPU
		{19AF6C6D-6BA0-4FF8-A8B2-B4B0212606F9}.Debug|Any CPU.Build.0 = Debug|Any CPU
		{19AF6C6D-6BA0-4FF8-A8B2-B4B0212606F9}.Release|Any CPU.ActiveCfg = Release|Any CPU
		{19AF6C6D-6BA0-4FF8-A8B2-B4B0212606F9}.Release|Any CPU.Build.0 = Release|Any CPU
		{01443CDB-5440-453A-94E6-01EF523A9911}.Debug|Any CPU.ActiveCfg = Debug|Any CPU
		{01443CDB-5440-453A-94E6-01EF523A9911}.Debug|Any CPU.Build.0 = Debug|Any CPU
		{01443CDB-5440-453A-94E6-01EF523A9911}.Release|Any CPU.ActiveCfg = Release|Any CPU
		{01443CDB-5440-453A-94E6-01EF523A9911}.Release|Any CPU.Build.0 = Release|Any CPU
		{C38DCC27-D7C0-4421-8203-206AE517054C}.Debug|Any CPU.ActiveCfg = Debug|Any CPU
		{C38DCC27-D7C0-4421-8203-206AE517054C}.Debug|Any CPU.Build.0 = Debug|Any CPU
		{C38DCC27-D7C0-4421-8203-206AE517054C}.Release|Any CPU.ActiveCfg = Release|Any CPU
		{C38DCC27-D7C0-4421-8203-206AE517054C}.Release|Any CPU.Build.0 = Release|Any CPU
		{F12BE58E-1EFE-4164-A6EC-52F82DEE3D17}.Debug|Any CPU.ActiveCfg = Debug|Any CPU
		{F12BE58E-1EFE-4164-A6EC-52F82DEE3D17}.Debug|Any CPU.Build.0 = Debug|Any CPU
		{F12BE58E-1EFE-4164-A6EC-52F82DEE3D17}.Release|Any CPU.ActiveCfg = Release|Any CPU
		{F12BE58E-1EFE-4164-A6EC-52F82DEE3D17}.Release|Any CPU.Build.0 = Release|Any CPU
		{65FFFCE8-53E6-4358-A0CD-65EEE4B8AEE8}.Debug|Any CPU.ActiveCfg = Debug|Any CPU
		{65FFFCE8-53E6-4358-A0CD-65EEE4B8AEE8}.Debug|Any CPU.Build.0 = Debug|Any CPU
		{65FFFCE8-53E6-4358-A0CD-65EEE4B8AEE8}.Release|Any CPU.ActiveCfg = Release|Any CPU
		{65FFFCE8-53E6-4358-A0CD-65EEE4B8AEE8}.Release|Any CPU.Build.0 = Release|Any CPU
		{8D115FB0-820A-4650-A066-77421A87FCDB}.Debug|Any CPU.ActiveCfg = Debug|Any CPU
		{8D115FB0-820A-4650-A066-77421A87FCDB}.Debug|Any CPU.Build.0 = Debug|Any CPU
		{8D115FB0-820A-4650-A066-77421A87FCDB}.Release|Any CPU.ActiveCfg = Release|Any CPU
		{8D115FB0-820A-4650-A066-77421A87FCDB}.Release|Any CPU.Build.0 = Release|Any CPU
		{B34F123D-1BCC-49D7-A2CB-1980ADBB9A1C}.Debug|Any CPU.ActiveCfg = Debug|Any CPU
		{B34F123D-1BCC-49D7-A2CB-1980ADBB9A1C}.Debug|Any CPU.Build.0 = Debug|Any CPU
		{B34F123D-1BCC-49D7-A2CB-1980ADBB9A1C}.Release|Any CPU.ActiveCfg = Release|Any CPU
		{B34F123D-1BCC-49D7-A2CB-1980ADBB9A1C}.Release|Any CPU.Build.0 = Release|Any CPU
		{C6C1A2BD-616C-443E-874E-F31583F3CBBC}.Debug|Any CPU.ActiveCfg = Debug|Any CPU
		{C6C1A2BD-616C-443E-874E-F31583F3CBBC}.Debug|Any CPU.Build.0 = Debug|Any CPU
		{C6C1A2BD-616C-443E-874E-F31583F3CBBC}.Release|Any CPU.ActiveCfg = Release|Any CPU
		{C6C1A2BD-616C-443E-874E-F31583F3CBBC}.Release|Any CPU.Build.0 = Release|Any CPU
		{05744C69-B905-4336-9BB9-025B936479E4}.Debug|Any CPU.ActiveCfg = Debug|Any CPU
		{05744C69-B905-4336-9BB9-025B936479E4}.Debug|Any CPU.Build.0 = Debug|Any CPU
		{05744C69-B905-4336-9BB9-025B936479E4}.Release|Any CPU.ActiveCfg = Release|Any CPU
		{05744C69-B905-4336-9BB9-025B936479E4}.Release|Any CPU.Build.0 = Release|Any CPU
		{EB98F097-FE00-4BE8-8780-A99A1927DBB0}.Debug|Any CPU.ActiveCfg = Debug|Any CPU
		{EB98F097-FE00-4BE8-8780-A99A1927DBB0}.Debug|Any CPU.Build.0 = Debug|Any CPU
		{EB98F097-FE00-4BE8-8780-A99A1927DBB0}.Release|Any CPU.ActiveCfg = Release|Any CPU
		{EB98F097-FE00-4BE8-8780-A99A1927DBB0}.Release|Any CPU.Build.0 = Release|Any CPU
	EndGlobalSection
	GlobalSection(SolutionProperties) = preSolution
		HideSolutionNode = FALSE
	EndGlobalSection
	GlobalSection(ExtensibilityGlobals) = postSolution
		SolutionGuid = {0F62774F-84BD-48CA-A13D-937B8FC05B97}
	EndGlobalSection
EndGlobal
