
Microsoft Visual Studio Solution File, Format Version 12.00
# Visual Studio Version 17
VisualStudioVersion = 17.2.32630.192
MinimumVisualStudioVersion = 10.0.40219.1
Project("{9A19103F-16F7-4668-BE54-9A1E7A4F7556}") = "R5T.T0226", "R5T.T0226\R5T.T0226.csproj", "{C20D50E2-E570-4C38-8CD3-DB90E7DE7A83}"
EndProject
Project("{2150E333-8FDC-42A3-9474-1A3956D46DE8}") = "_Dependencies", "_Dependencies", "{89B2C5BB-5B4D-456C-8F76-55AA580BD670}"
EndProject
Project("{9A19103F-16F7-4668-BE54-9A1E7A4F7556}") = "R5T.T0226.T000", "R5T.T0226.T000\R5T.T0226.T000.csproj", "{6DEDF1EB-A692-495B-8F83-4B55B7F10B0A}"
EndProject
Project("{9A19103F-16F7-4668-BE54-9A1E7A4F7556}") = "R5T.F0000", "..\..\R5T.F0000\source\R5T.F0000\R5T.F0000.csproj", "{CAA6A4A6-07CB-4594-8978-963A76D18F98}"
EndProject
Project("{9A19103F-16F7-4668-BE54-9A1E7A4F7556}") = "R5T.F0002", "..\..\R5T.F0002\source\R5T.F0002\R5T.F0002.csproj", "{640964BF-0E13-4F9F-9769-B20F9C1CE918}"
EndProject
Project("{9A19103F-16F7-4668-BE54-9A1E7A4F7556}") = "R5T.F0120", "..\..\R5T.F0120\source\R5T.F0120\R5T.F0120.csproj", "{6C4B1244-636F-41C3-B6AC-6AE8DAAC49FF}"
EndProject
Project("{9A19103F-16F7-4668-BE54-9A1E7A4F7556}") = "R5T.F0124", "..\..\R5T.F0124\source\R5T.F0124\R5T.F0124.csproj", "{C63E1568-365A-465B-A872-9163FDBF2DF6}"
EndProject
Project("{9A19103F-16F7-4668-BE54-9A1E7A4F7556}") = "R5T.F0125", "..\..\R5T.F0125\source\R5T.F0125\R5T.F0125.csproj", "{A345828F-3240-4087-BB62-162E2B7F7F57}"
EndProject
Project("{9A19103F-16F7-4668-BE54-9A1E7A4F7556}") = "R5T.L0030.T000", "..\..\R5T.L0030\source\R5T.L0030.T000\R5T.L0030.T000.csproj", "{6050E7A2-FD7D-4BDD-89B9-8F4F8072C793}"
EndProject
Project("{9A19103F-16F7-4668-BE54-9A1E7A4F7556}") = "R5T.L0030", "..\..\R5T.L0030\source\R5T.L0030\R5T.L0030.csproj", "{E68D833C-EA6E-4CA7-8E69-0F0CF65415B8}"
EndProject
Project("{9A19103F-16F7-4668-BE54-9A1E7A4F7556}") = "R5T.L0034", "..\..\R5T.L0034\source\R5T.L0034\R5T.L0034.csproj", "{AB56DE27-8BFD-496B-81E3-4F2F15FC389C}"
EndProject
Project("{9A19103F-16F7-4668-BE54-9A1E7A4F7556}") = "R5T.L0035", "..\..\R5T.L0035\source\R5T.L0035\R5T.L0035.csproj", "{8D9185C9-B20A-43BB-9947-BA306FB8F4E4}"
EndProject
Project("{9A19103F-16F7-4668-BE54-9A1E7A4F7556}") = "R5T.L0053", "..\..\R5T.L0053\source\R5T.L0053\R5T.L0053.csproj", "{57506CC4-B2D6-4B14-BFE2-068355079425}"
EndProject
Project("{9A19103F-16F7-4668-BE54-9A1E7A4F7556}") = "R5T.NG0022", "..\..\R5T.NG0022\source\R5T.NG0022\R5T.NG0022.csproj", "{6572242D-CB44-413C-92E0-C65FCFC5F767}"
EndProject
Project("{9A19103F-16F7-4668-BE54-9A1E7A4F7556}") = "R5T.T0131", "..\..\R5T.T0131\source\R5T.T0131\R5T.T0131.csproj", "{B3AF1CD8-2C17-46DC-96E9-46148DFF507B}"
EndProject
Project("{9A19103F-16F7-4668-BE54-9A1E7A4F7556}") = "R5T.T0132", "..\..\R5T.T0132\source\R5T.T0132\R5T.T0132.csproj", "{14089458-2C06-4373-B509-28CFA250D8B8}"
EndProject
Project("{9A19103F-16F7-4668-BE54-9A1E7A4F7556}") = "R5T.T0142", "..\..\R5T.T0142\source\R5T.T0142\R5T.T0142.csproj", "{59B64445-2D80-447F-9811-A258F3AD49E9}"
EndProject
Project("{9A19103F-16F7-4668-BE54-9A1E7A4F7556}") = "R5T.T0143", "..\..\R5T.T0143\source\R5T.T0143\R5T.T0143.csproj", "{FE034F1D-233B-4607-83CE-034080FE2771}"
EndProject
Project("{9A19103F-16F7-4668-BE54-9A1E7A4F7556}") = "R5T.T0156", "..\..\R5T.T0156\source\R5T.T0156\R5T.T0156.csproj", "{78FC6AB2-CD9A-4426-BF71-457CC9872DED}"
EndProject
Project("{9A19103F-16F7-4668-BE54-9A1E7A4F7556}") = "R5T.T0174", "..\..\R5T.T0174\source\R5T.T0174\R5T.T0174.csproj", "{12B38F30-0FE0-430B-8C53-894454B9CDEF}"
EndProject
Project("{9A19103F-16F7-4668-BE54-9A1E7A4F7556}") = "R5T.T0176", "..\..\R5T.T0176\source\R5T.T0176\R5T.T0176.csproj", "{B19C9694-2A1A-43E1-B47D-72F5CBDE5D5D}"
EndProject
Project("{9A19103F-16F7-4668-BE54-9A1E7A4F7556}") = "R5T.T0177", "..\..\R5T.T0177\source\R5T.T0177\R5T.T0177.csproj", "{BAA0063A-7D1D-40D1-9497-CDD195DDB141}"
EndProject
Project("{9A19103F-16F7-4668-BE54-9A1E7A4F7556}") = "R5T.T0178", "..\..\R5T.T0178\source\R5T.T0178\R5T.T0178.csproj", "{61431BCC-58C2-4022-A8FC-F621D32D183A}"
EndProject
Project("{9A19103F-16F7-4668-BE54-9A1E7A4F7556}") = "R5T.T0179", "..\..\R5T.T0179\source\R5T.T0179\R5T.T0179.csproj", "{2BE89BB3-2363-4064-BD13-F2C9A650F2B1}"
EndProject
Project("{9A19103F-16F7-4668-BE54-9A1E7A4F7556}") = "R5T.T0180", "..\..\R5T.T0180\source\R5T.T0180\R5T.T0180.csproj", "{AD9D6017-C1C5-439E-91A6-D5919E047CD8}"
EndProject
Project("{9A19103F-16F7-4668-BE54-9A1E7A4F7556}") = "R5T.T0181", "..\..\R5T.T0181\source\R5T.T0181\R5T.T0181.csproj", "{2C491878-71E7-42CC-A689-E1E4B35710A3}"
EndProject
Project("{9A19103F-16F7-4668-BE54-9A1E7A4F7556}") = "R5T.T0185", "..\..\R5T.T0185\source\R5T.T0185\R5T.T0185.csproj", "{DB4B2130-690C-4CC0-AC2F-CABF01FA6498}"
EndProject
Project("{9A19103F-16F7-4668-BE54-9A1E7A4F7556}") = "R5T.T0199", "..\..\R5T.T0199\source\R5T.T0199\R5T.T0199.csproj", "{FCA6EC15-5D9C-46DD-8C6C-60F9DD9B7A9D}"
EndProject
Project("{9A19103F-16F7-4668-BE54-9A1E7A4F7556}") = "R5T.T0203", "..\..\R5T.T0203\source\R5T.T0203\R5T.T0203.csproj", "{4CA0180F-D9E1-4C75-AA55-34B1D111FF1F}"
EndProject
Project("{9A19103F-16F7-4668-BE54-9A1E7A4F7556}") = "R5T.T0220", "..\..\R5T.T0220\source\R5T.T0220\R5T.T0220.csproj", "{2B4503D8-9645-40BF-99CD-705E7CCDF3C5}"
EndProject
Project("{9A19103F-16F7-4668-BE54-9A1E7A4F7556}") = "R5T.T0221", "..\..\R5T.T0221\source\R5T.T0221\R5T.T0221.csproj", "{A6A223A6-2899-4534-BF78-E15455D453C8}"
EndProject
Project("{9A19103F-16F7-4668-BE54-9A1E7A4F7556}") = "R5T.Y0000", "..\..\R5T.Y0000\source\R5T.Y0000\R5T.Y0000.csproj", "{3DDB84A5-F921-43A7-98A9-8CAD20484380}"
EndProject
Project("{9A19103F-16F7-4668-BE54-9A1E7A4F7556}") = "R5T.Z0000", "..\..\R5T.Z0000\source\R5T.Z0000\R5T.Z0000.csproj", "{8558B421-BEF3-4D28-95E5-F58BC1DFD60C}"
EndProject
Project("{9A19103F-16F7-4668-BE54-9A1E7A4F7556}") = "R5T.Z0010.Platform", "..\..\R5T.Z0010\source\R5T.Z0010.Platform\R5T.Z0010.Platform.csproj", "{73596775-2E87-4F90-BDFF-FA42706AF03F}"
EndProject
Project("{9A19103F-16F7-4668-BE54-9A1E7A4F7556}") = "R5T.T0225.T000", "..\..\R5T.T0225\source\R5T.T0225.T000\R5T.T0225.T000.csproj", "{3B3A9004-23EB-4661-9A43-A8F69B136E13}"
EndProject
Project("{9A19103F-16F7-4668-BE54-9A1E7A4F7556}") = "R5T.T0225", "..\..\R5T.T0225\source\R5T.T0225\R5T.T0225.csproj", "{E4BF4DE7-3DF6-40CD-AAA4-2A1038D2F1E6}"
EndProject
Project("{9A19103F-16F7-4668-BE54-9A1E7A4F7556}") = "R5T.T0226.L000", "R5T.T0226.L000\R5T.T0226.L000.csproj", "{643D9CD7-9282-46E2-BE8A-7117B05C2D87}"
EndProject
Project("{9A19103F-16F7-4668-BE54-9A1E7A4F7556}") = "R5T.T0150", "..\..\R5T.T0150\source\R5T.T0150\R5T.T0150.csproj", "{2BAE1BF3-6584-45A7-B3F5-3A71C02D1D3E}"
EndProject
Project("{9A19103F-16F7-4668-BE54-9A1E7A4F7556}") = "R5T.T0151", "..\..\R5T.T0151\source\R5T.T0151\R5T.T0151.csproj", "{2CDE7DEA-24FF-41EC-9B75-4B01CC4FDDFA}"
EndProject
Project("{9A19103F-16F7-4668-BE54-9A1E7A4F7556}") = "R5T.T0172", "..\..\R5T.T0172\source\R5T.T0172\R5T.T0172.csproj", "{56E82425-5C76-4765-997F-2C3650CE6D58}"
EndProject
Project("{9A19103F-16F7-4668-BE54-9A1E7A4F7556}") = "R5T.T0213", "..\..\R5T.T0213\source\R5T.T0213\R5T.T0213.csproj", "{2303AD3E-D5B9-4F47-A031-F5235F97844A}"
EndProject
Project("{9A19103F-16F7-4668-BE54-9A1E7A4F7556}") = "R5T.L0059", "..\..\R5T.L0059\source\R5T.L0059\R5T.L0059.csproj", "{276C3EDD-7B1C-4230-A3DF-FB52FBE1462F}"
EndProject
Global
	GlobalSection(NestedProjects) = preSolution
		{CAA6A4A6-07CB-4594-8978-963A76D18F98} = {89B2C5BB-5B4D-456C-8F76-55AA580BD670}
		{640964BF-0E13-4F9F-9769-B20F9C1CE918} = {89B2C5BB-5B4D-456C-8F76-55AA580BD670}
		{6C4B1244-636F-41C3-B6AC-6AE8DAAC49FF} = {89B2C5BB-5B4D-456C-8F76-55AA580BD670}
		{C63E1568-365A-465B-A872-9163FDBF2DF6} = {89B2C5BB-5B4D-456C-8F76-55AA580BD670}
		{A345828F-3240-4087-BB62-162E2B7F7F57} = {89B2C5BB-5B4D-456C-8F76-55AA580BD670}
		{6050E7A2-FD7D-4BDD-89B9-8F4F8072C793} = {89B2C5BB-5B4D-456C-8F76-55AA580BD670}
		{E68D833C-EA6E-4CA7-8E69-0F0CF65415B8} = {89B2C5BB-5B4D-456C-8F76-55AA580BD670}
		{AB56DE27-8BFD-496B-81E3-4F2F15FC389C} = {89B2C5BB-5B4D-456C-8F76-55AA580BD670}
		{8D9185C9-B20A-43BB-9947-BA306FB8F4E4} = {89B2C5BB-5B4D-456C-8F76-55AA580BD670}
		{57506CC4-B2D6-4B14-BFE2-068355079425} = {89B2C5BB-5B4D-456C-8F76-55AA580BD670}
		{6572242D-CB44-413C-92E0-C65FCFC5F767} = {89B2C5BB-5B4D-456C-8F76-55AA580BD670}
		{B3AF1CD8-2C17-46DC-96E9-46148DFF507B} = {89B2C5BB-5B4D-456C-8F76-55AA580BD670}
		{14089458-2C06-4373-B509-28CFA250D8B8} = {89B2C5BB-5B4D-456C-8F76-55AA580BD670}
		{59B64445-2D80-447F-9811-A258F3AD49E9} = {89B2C5BB-5B4D-456C-8F76-55AA580BD670}
		{FE034F1D-233B-4607-83CE-034080FE2771} = {89B2C5BB-5B4D-456C-8F76-55AA580BD670}
		{78FC6AB2-CD9A-4426-BF71-457CC9872DED} = {89B2C5BB-5B4D-456C-8F76-55AA580BD670}
		{12B38F30-0FE0-430B-8C53-894454B9CDEF} = {89B2C5BB-5B4D-456C-8F76-55AA580BD670}
		{B19C9694-2A1A-43E1-B47D-72F5CBDE5D5D} = {89B2C5BB-5B4D-456C-8F76-55AA580BD670}
		{BAA0063A-7D1D-40D1-9497-CDD195DDB141} = {89B2C5BB-5B4D-456C-8F76-55AA580BD670}
		{61431BCC-58C2-4022-A8FC-F621D32D183A} = {89B2C5BB-5B4D-456C-8F76-55AA580BD670}
		{2BE89BB3-2363-4064-BD13-F2C9A650F2B1} = {89B2C5BB-5B4D-456C-8F76-55AA580BD670}
		{AD9D6017-C1C5-439E-91A6-D5919E047CD8} = {89B2C5BB-5B4D-456C-8F76-55AA580BD670}
		{2C491878-71E7-42CC-A689-E1E4B35710A3} = {89B2C5BB-5B4D-456C-8F76-55AA580BD670}
		{DB4B2130-690C-4CC0-AC2F-CABF01FA6498} = {89B2C5BB-5B4D-456C-8F76-55AA580BD670}
		{FCA6EC15-5D9C-46DD-8C6C-60F9DD9B7A9D} = {89B2C5BB-5B4D-456C-8F76-55AA580BD670}
		{4CA0180F-D9E1-4C75-AA55-34B1D111FF1F} = {89B2C5BB-5B4D-456C-8F76-55AA580BD670}
		{2B4503D8-9645-40BF-99CD-705E7CCDF3C5} = {89B2C5BB-5B4D-456C-8F76-55AA580BD670}
		{A6A223A6-2899-4534-BF78-E15455D453C8} = {89B2C5BB-5B4D-456C-8F76-55AA580BD670}
		{3DDB84A5-F921-43A7-98A9-8CAD20484380} = {89B2C5BB-5B4D-456C-8F76-55AA580BD670}
		{8558B421-BEF3-4D28-95E5-F58BC1DFD60C} = {89B2C5BB-5B4D-456C-8F76-55AA580BD670}
		{73596775-2E87-4F90-BDFF-FA42706AF03F} = {89B2C5BB-5B4D-456C-8F76-55AA580BD670}
		{3B3A9004-23EB-4661-9A43-A8F69B136E13} = {89B2C5BB-5B4D-456C-8F76-55AA580BD670}
		{E4BF4DE7-3DF6-40CD-AAA4-2A1038D2F1E6} = {89B2C5BB-5B4D-456C-8F76-55AA580BD670}
		{2BAE1BF3-6584-45A7-B3F5-3A71C02D1D3E} = {89B2C5BB-5B4D-456C-8F76-55AA580BD670}
		{2CDE7DEA-24FF-41EC-9B75-4B01CC4FDDFA} = {89B2C5BB-5B4D-456C-8F76-55AA580BD670}
		{56E82425-5C76-4765-997F-2C3650CE6D58} = {89B2C5BB-5B4D-456C-8F76-55AA580BD670}
		{2303AD3E-D5B9-4F47-A031-F5235F97844A} = {89B2C5BB-5B4D-456C-8F76-55AA580BD670}
		{276C3EDD-7B1C-4230-A3DF-FB52FBE1462F} = {89B2C5BB-5B4D-456C-8F76-55AA580BD670}
	EndGlobalSection
	GlobalSection(SolutionConfigurationPlatforms) = preSolution
		Debug|Any CPU = Debug|Any CPU
		Release|Any CPU = Release|Any CPU
	EndGlobalSection
	GlobalSection(ProjectConfigurationPlatforms) = postSolution
		{C20D50E2-E570-4C38-8CD3-DB90E7DE7A83}.Debug|Any CPU.ActiveCfg = Debug|Any CPU
		{C20D50E2-E570-4C38-8CD3-DB90E7DE7A83}.Debug|Any CPU.Build.0 = Debug|Any CPU
		{C20D50E2-E570-4C38-8CD3-DB90E7DE7A83}.Release|Any CPU.ActiveCfg = Release|Any CPU
		{C20D50E2-E570-4C38-8CD3-DB90E7DE7A83}.Release|Any CPU.Build.0 = Release|Any CPU
		{6DEDF1EB-A692-495B-8F83-4B55B7F10B0A}.Debug|Any CPU.ActiveCfg = Debug|Any CPU
		{6DEDF1EB-A692-495B-8F83-4B55B7F10B0A}.Debug|Any CPU.Build.0 = Debug|Any CPU
		{6DEDF1EB-A692-495B-8F83-4B55B7F10B0A}.Release|Any CPU.ActiveCfg = Release|Any CPU
		{6DEDF1EB-A692-495B-8F83-4B55B7F10B0A}.Release|Any CPU.Build.0 = Release|Any CPU
		{CAA6A4A6-07CB-4594-8978-963A76D18F98}.Debug|Any CPU.ActiveCfg = Debug|Any CPU
		{CAA6A4A6-07CB-4594-8978-963A76D18F98}.Debug|Any CPU.Build.0 = Debug|Any CPU
		{CAA6A4A6-07CB-4594-8978-963A76D18F98}.Release|Any CPU.ActiveCfg = Release|Any CPU
		{CAA6A4A6-07CB-4594-8978-963A76D18F98}.Release|Any CPU.Build.0 = Release|Any CPU
		{640964BF-0E13-4F9F-9769-B20F9C1CE918}.Debug|Any CPU.ActiveCfg = Debug|Any CPU
		{640964BF-0E13-4F9F-9769-B20F9C1CE918}.Debug|Any CPU.Build.0 = Debug|Any CPU
		{640964BF-0E13-4F9F-9769-B20F9C1CE918}.Release|Any CPU.ActiveCfg = Release|Any CPU
		{640964BF-0E13-4F9F-9769-B20F9C1CE918}.Release|Any CPU.Build.0 = Release|Any CPU
		{6C4B1244-636F-41C3-B6AC-6AE8DAAC49FF}.Debug|Any CPU.ActiveCfg = Debug|Any CPU
		{6C4B1244-636F-41C3-B6AC-6AE8DAAC49FF}.Debug|Any CPU.Build.0 = Debug|Any CPU
		{6C4B1244-636F-41C3-B6AC-6AE8DAAC49FF}.Release|Any CPU.ActiveCfg = Release|Any CPU
		{6C4B1244-636F-41C3-B6AC-6AE8DAAC49FF}.Release|Any CPU.Build.0 = Release|Any CPU
		{C63E1568-365A-465B-A872-9163FDBF2DF6}.Debug|Any CPU.ActiveCfg = Debug|Any CPU
		{C63E1568-365A-465B-A872-9163FDBF2DF6}.Debug|Any CPU.Build.0 = Debug|Any CPU
		{C63E1568-365A-465B-A872-9163FDBF2DF6}.Release|Any CPU.ActiveCfg = Release|Any CPU
		{C63E1568-365A-465B-A872-9163FDBF2DF6}.Release|Any CPU.Build.0 = Release|Any CPU
		{A345828F-3240-4087-BB62-162E2B7F7F57}.Debug|Any CPU.ActiveCfg = Debug|Any CPU
		{A345828F-3240-4087-BB62-162E2B7F7F57}.Debug|Any CPU.Build.0 = Debug|Any CPU
		{A345828F-3240-4087-BB62-162E2B7F7F57}.Release|Any CPU.ActiveCfg = Release|Any CPU
		{A345828F-3240-4087-BB62-162E2B7F7F57}.Release|Any CPU.Build.0 = Release|Any CPU
		{6050E7A2-FD7D-4BDD-89B9-8F4F8072C793}.Debug|Any CPU.ActiveCfg = Debug|Any CPU
		{6050E7A2-FD7D-4BDD-89B9-8F4F8072C793}.Debug|Any CPU.Build.0 = Debug|Any CPU
		{6050E7A2-FD7D-4BDD-89B9-8F4F8072C793}.Release|Any CPU.ActiveCfg = Release|Any CPU
		{6050E7A2-FD7D-4BDD-89B9-8F4F8072C793}.Release|Any CPU.Build.0 = Release|Any CPU
		{E68D833C-EA6E-4CA7-8E69-0F0CF65415B8}.Debug|Any CPU.ActiveCfg = Debug|Any CPU
		{E68D833C-EA6E-4CA7-8E69-0F0CF65415B8}.Debug|Any CPU.Build.0 = Debug|Any CPU
		{E68D833C-EA6E-4CA7-8E69-0F0CF65415B8}.Release|Any CPU.ActiveCfg = Release|Any CPU
		{E68D833C-EA6E-4CA7-8E69-0F0CF65415B8}.Release|Any CPU.Build.0 = Release|Any CPU
		{AB56DE27-8BFD-496B-81E3-4F2F15FC389C}.Debug|Any CPU.ActiveCfg = Debug|Any CPU
		{AB56DE27-8BFD-496B-81E3-4F2F15FC389C}.Debug|Any CPU.Build.0 = Debug|Any CPU
		{AB56DE27-8BFD-496B-81E3-4F2F15FC389C}.Release|Any CPU.ActiveCfg = Release|Any CPU
		{AB56DE27-8BFD-496B-81E3-4F2F15FC389C}.Release|Any CPU.Build.0 = Release|Any CPU
		{8D9185C9-B20A-43BB-9947-BA306FB8F4E4}.Debug|Any CPU.ActiveCfg = Debug|Any CPU
		{8D9185C9-B20A-43BB-9947-BA306FB8F4E4}.Debug|Any CPU.Build.0 = Debug|Any CPU
		{8D9185C9-B20A-43BB-9947-BA306FB8F4E4}.Release|Any CPU.ActiveCfg = Release|Any CPU
		{8D9185C9-B20A-43BB-9947-BA306FB8F4E4}.Release|Any CPU.Build.0 = Release|Any CPU
		{57506CC4-B2D6-4B14-BFE2-068355079425}.Debug|Any CPU.ActiveCfg = Debug|Any CPU
		{57506CC4-B2D6-4B14-BFE2-068355079425}.Debug|Any CPU.Build.0 = Debug|Any CPU
		{57506CC4-B2D6-4B14-BFE2-068355079425}.Release|Any CPU.ActiveCfg = Release|Any CPU
		{57506CC4-B2D6-4B14-BFE2-068355079425}.Release|Any CPU.Build.0 = Release|Any CPU
		{6572242D-CB44-413C-92E0-C65FCFC5F767}.Debug|Any CPU.ActiveCfg = Debug|Any CPU
		{6572242D-CB44-413C-92E0-C65FCFC5F767}.Debug|Any CPU.Build.0 = Debug|Any CPU
		{6572242D-CB44-413C-92E0-C65FCFC5F767}.Release|Any CPU.ActiveCfg = Release|Any CPU
		{6572242D-CB44-413C-92E0-C65FCFC5F767}.Release|Any CPU.Build.0 = Release|Any CPU
		{B3AF1CD8-2C17-46DC-96E9-46148DFF507B}.Debug|Any CPU.ActiveCfg = Debug|Any CPU
		{B3AF1CD8-2C17-46DC-96E9-46148DFF507B}.Debug|Any CPU.Build.0 = Debug|Any CPU
		{B3AF1CD8-2C17-46DC-96E9-46148DFF507B}.Release|Any CPU.ActiveCfg = Release|Any CPU
		{B3AF1CD8-2C17-46DC-96E9-46148DFF507B}.Release|Any CPU.Build.0 = Release|Any CPU
		{14089458-2C06-4373-B509-28CFA250D8B8}.Debug|Any CPU.ActiveCfg = Debug|Any CPU
		{14089458-2C06-4373-B509-28CFA250D8B8}.Debug|Any CPU.Build.0 = Debug|Any CPU
		{14089458-2C06-4373-B509-28CFA250D8B8}.Release|Any CPU.ActiveCfg = Release|Any CPU
		{14089458-2C06-4373-B509-28CFA250D8B8}.Release|Any CPU.Build.0 = Release|Any CPU
		{59B64445-2D80-447F-9811-A258F3AD49E9}.Debug|Any CPU.ActiveCfg = Debug|Any CPU
		{59B64445-2D80-447F-9811-A258F3AD49E9}.Debug|Any CPU.Build.0 = Debug|Any CPU
		{59B64445-2D80-447F-9811-A258F3AD49E9}.Release|Any CPU.ActiveCfg = Release|Any CPU
		{59B64445-2D80-447F-9811-A258F3AD49E9}.Release|Any CPU.Build.0 = Release|Any CPU
		{FE034F1D-233B-4607-83CE-034080FE2771}.Debug|Any CPU.ActiveCfg = Debug|Any CPU
		{FE034F1D-233B-4607-83CE-034080FE2771}.Debug|Any CPU.Build.0 = Debug|Any CPU
		{FE034F1D-233B-4607-83CE-034080FE2771}.Release|Any CPU.ActiveCfg = Release|Any CPU
		{FE034F1D-233B-4607-83CE-034080FE2771}.Release|Any CPU.Build.0 = Release|Any CPU
		{78FC6AB2-CD9A-4426-BF71-457CC9872DED}.Debug|Any CPU.ActiveCfg = Debug|Any CPU
		{78FC6AB2-CD9A-4426-BF71-457CC9872DED}.Debug|Any CPU.Build.0 = Debug|Any CPU
		{78FC6AB2-CD9A-4426-BF71-457CC9872DED}.Release|Any CPU.ActiveCfg = Release|Any CPU
		{78FC6AB2-CD9A-4426-BF71-457CC9872DED}.Release|Any CPU.Build.0 = Release|Any CPU
		{12B38F30-0FE0-430B-8C53-894454B9CDEF}.Debug|Any CPU.ActiveCfg = Debug|Any CPU
		{12B38F30-0FE0-430B-8C53-894454B9CDEF}.Debug|Any CPU.Build.0 = Debug|Any CPU
		{12B38F30-0FE0-430B-8C53-894454B9CDEF}.Release|Any CPU.ActiveCfg = Release|Any CPU
		{12B38F30-0FE0-430B-8C53-894454B9CDEF}.Release|Any CPU.Build.0 = Release|Any CPU
		{B19C9694-2A1A-43E1-B47D-72F5CBDE5D5D}.Debug|Any CPU.ActiveCfg = Debug|Any CPU
		{B19C9694-2A1A-43E1-B47D-72F5CBDE5D5D}.Debug|Any CPU.Build.0 = Debug|Any CPU
		{B19C9694-2A1A-43E1-B47D-72F5CBDE5D5D}.Release|Any CPU.ActiveCfg = Release|Any CPU
		{B19C9694-2A1A-43E1-B47D-72F5CBDE5D5D}.Release|Any CPU.Build.0 = Release|Any CPU
		{BAA0063A-7D1D-40D1-9497-CDD195DDB141}.Debug|Any CPU.ActiveCfg = Debug|Any CPU
		{BAA0063A-7D1D-40D1-9497-CDD195DDB141}.Debug|Any CPU.Build.0 = Debug|Any CPU
		{BAA0063A-7D1D-40D1-9497-CDD195DDB141}.Release|Any CPU.ActiveCfg = Release|Any CPU
		{BAA0063A-7D1D-40D1-9497-CDD195DDB141}.Release|Any CPU.Build.0 = Release|Any CPU
		{61431BCC-58C2-4022-A8FC-F621D32D183A}.Debug|Any CPU.ActiveCfg = Debug|Any CPU
		{61431BCC-58C2-4022-A8FC-F621D32D183A}.Debug|Any CPU.Build.0 = Debug|Any CPU
		{61431BCC-58C2-4022-A8FC-F621D32D183A}.Release|Any CPU.ActiveCfg = Release|Any CPU
		{61431BCC-58C2-4022-A8FC-F621D32D183A}.Release|Any CPU.Build.0 = Release|Any CPU
		{2BE89BB3-2363-4064-BD13-F2C9A650F2B1}.Debug|Any CPU.ActiveCfg = Debug|Any CPU
		{2BE89BB3-2363-4064-BD13-F2C9A650F2B1}.Debug|Any CPU.Build.0 = Debug|Any CPU
		{2BE89BB3-2363-4064-BD13-F2C9A650F2B1}.Release|Any CPU.ActiveCfg = Release|Any CPU
		{2BE89BB3-2363-4064-BD13-F2C9A650F2B1}.Release|Any CPU.Build.0 = Release|Any CPU
		{AD9D6017-C1C5-439E-91A6-D5919E047CD8}.Debug|Any CPU.ActiveCfg = Debug|Any CPU
		{AD9D6017-C1C5-439E-91A6-D5919E047CD8}.Debug|Any CPU.Build.0 = Debug|Any CPU
		{AD9D6017-C1C5-439E-91A6-D5919E047CD8}.Release|Any CPU.ActiveCfg = Release|Any CPU
		{AD9D6017-C1C5-439E-91A6-D5919E047CD8}.Release|Any CPU.Build.0 = Release|Any CPU
		{2C491878-71E7-42CC-A689-E1E4B35710A3}.Debug|Any CPU.ActiveCfg = Debug|Any CPU
		{2C491878-71E7-42CC-A689-E1E4B35710A3}.Debug|Any CPU.Build.0 = Debug|Any CPU
		{2C491878-71E7-42CC-A689-E1E4B35710A3}.Release|Any CPU.ActiveCfg = Release|Any CPU
		{2C491878-71E7-42CC-A689-E1E4B35710A3}.Release|Any CPU.Build.0 = Release|Any CPU
		{DB4B2130-690C-4CC0-AC2F-CABF01FA6498}.Debug|Any CPU.ActiveCfg = Debug|Any CPU
		{DB4B2130-690C-4CC0-AC2F-CABF01FA6498}.Debug|Any CPU.Build.0 = Debug|Any CPU
		{DB4B2130-690C-4CC0-AC2F-CABF01FA6498}.Release|Any CPU.ActiveCfg = Release|Any CPU
		{DB4B2130-690C-4CC0-AC2F-CABF01FA6498}.Release|Any CPU.Build.0 = Release|Any CPU
		{FCA6EC15-5D9C-46DD-8C6C-60F9DD9B7A9D}.Debug|Any CPU.ActiveCfg = Debug|Any CPU
		{FCA6EC15-5D9C-46DD-8C6C-60F9DD9B7A9D}.Debug|Any CPU.Build.0 = Debug|Any CPU
		{FCA6EC15-5D9C-46DD-8C6C-60F9DD9B7A9D}.Release|Any CPU.ActiveCfg = Release|Any CPU
		{FCA6EC15-5D9C-46DD-8C6C-60F9DD9B7A9D}.Release|Any CPU.Build.0 = Release|Any CPU
		{4CA0180F-D9E1-4C75-AA55-34B1D111FF1F}.Debug|Any CPU.ActiveCfg = Debug|Any CPU
		{4CA0180F-D9E1-4C75-AA55-34B1D111FF1F}.Debug|Any CPU.Build.0 = Debug|Any CPU
		{4CA0180F-D9E1-4C75-AA55-34B1D111FF1F}.Release|Any CPU.ActiveCfg = Release|Any CPU
		{4CA0180F-D9E1-4C75-AA55-34B1D111FF1F}.Release|Any CPU.Build.0 = Release|Any CPU
		{2B4503D8-9645-40BF-99CD-705E7CCDF3C5}.Debug|Any CPU.ActiveCfg = Debug|Any CPU
		{2B4503D8-9645-40BF-99CD-705E7CCDF3C5}.Debug|Any CPU.Build.0 = Debug|Any CPU
		{2B4503D8-9645-40BF-99CD-705E7CCDF3C5}.Release|Any CPU.ActiveCfg = Release|Any CPU
		{2B4503D8-9645-40BF-99CD-705E7CCDF3C5}.Release|Any CPU.Build.0 = Release|Any CPU
		{A6A223A6-2899-4534-BF78-E15455D453C8}.Debug|Any CPU.ActiveCfg = Debug|Any CPU
		{A6A223A6-2899-4534-BF78-E15455D453C8}.Debug|Any CPU.Build.0 = Debug|Any CPU
		{A6A223A6-2899-4534-BF78-E15455D453C8}.Release|Any CPU.ActiveCfg = Release|Any CPU
		{A6A223A6-2899-4534-BF78-E15455D453C8}.Release|Any CPU.Build.0 = Release|Any CPU
		{3DDB84A5-F921-43A7-98A9-8CAD20484380}.Debug|Any CPU.ActiveCfg = Debug|Any CPU
		{3DDB84A5-F921-43A7-98A9-8CAD20484380}.Debug|Any CPU.Build.0 = Debug|Any CPU
		{3DDB84A5-F921-43A7-98A9-8CAD20484380}.Release|Any CPU.ActiveCfg = Release|Any CPU
		{3DDB84A5-F921-43A7-98A9-8CAD20484380}.Release|Any CPU.Build.0 = Release|Any CPU
		{8558B421-BEF3-4D28-95E5-F58BC1DFD60C}.Debug|Any CPU.ActiveCfg = Debug|Any CPU
		{8558B421-BEF3-4D28-95E5-F58BC1DFD60C}.Debug|Any CPU.Build.0 = Debug|Any CPU
		{8558B421-BEF3-4D28-95E5-F58BC1DFD60C}.Release|Any CPU.ActiveCfg = Release|Any CPU
		{8558B421-BEF3-4D28-95E5-F58BC1DFD60C}.Release|Any CPU.Build.0 = Release|Any CPU
		{73596775-2E87-4F90-BDFF-FA42706AF03F}.Debug|Any CPU.ActiveCfg = Debug|Any CPU
		{73596775-2E87-4F90-BDFF-FA42706AF03F}.Debug|Any CPU.Build.0 = Debug|Any CPU
		{73596775-2E87-4F90-BDFF-FA42706AF03F}.Release|Any CPU.ActiveCfg = Release|Any CPU
		{73596775-2E87-4F90-BDFF-FA42706AF03F}.Release|Any CPU.Build.0 = Release|Any CPU
		{3B3A9004-23EB-4661-9A43-A8F69B136E13}.Debug|Any CPU.ActiveCfg = Debug|Any CPU
		{3B3A9004-23EB-4661-9A43-A8F69B136E13}.Debug|Any CPU.Build.0 = Debug|Any CPU
		{3B3A9004-23EB-4661-9A43-A8F69B136E13}.Release|Any CPU.ActiveCfg = Release|Any CPU
		{3B3A9004-23EB-4661-9A43-A8F69B136E13}.Release|Any CPU.Build.0 = Release|Any CPU
		{E4BF4DE7-3DF6-40CD-AAA4-2A1038D2F1E6}.Debug|Any CPU.ActiveCfg = Debug|Any CPU
		{E4BF4DE7-3DF6-40CD-AAA4-2A1038D2F1E6}.Debug|Any CPU.Build.0 = Debug|Any CPU
		{E4BF4DE7-3DF6-40CD-AAA4-2A1038D2F1E6}.Release|Any CPU.ActiveCfg = Release|Any CPU
		{E4BF4DE7-3DF6-40CD-AAA4-2A1038D2F1E6}.Release|Any CPU.Build.0 = Release|Any CPU
		{643D9CD7-9282-46E2-BE8A-7117B05C2D87}.Debug|Any CPU.ActiveCfg = Debug|Any CPU
		{643D9CD7-9282-46E2-BE8A-7117B05C2D87}.Debug|Any CPU.Build.0 = Debug|Any CPU
		{643D9CD7-9282-46E2-BE8A-7117B05C2D87}.Release|Any CPU.ActiveCfg = Release|Any CPU
		{643D9CD7-9282-46E2-BE8A-7117B05C2D87}.Release|Any CPU.Build.0 = Release|Any CPU
		{2BAE1BF3-6584-45A7-B3F5-3A71C02D1D3E}.Debug|Any CPU.ActiveCfg = Debug|Any CPU
		{2BAE1BF3-6584-45A7-B3F5-3A71C02D1D3E}.Debug|Any CPU.Build.0 = Debug|Any CPU
		{2BAE1BF3-6584-45A7-B3F5-3A71C02D1D3E}.Release|Any CPU.ActiveCfg = Release|Any CPU
		{2BAE1BF3-6584-45A7-B3F5-3A71C02D1D3E}.Release|Any CPU.Build.0 = Release|Any CPU
		{2CDE7DEA-24FF-41EC-9B75-4B01CC4FDDFA}.Debug|Any CPU.ActiveCfg = Debug|Any CPU
		{2CDE7DEA-24FF-41EC-9B75-4B01CC4FDDFA}.Debug|Any CPU.Build.0 = Debug|Any CPU
		{2CDE7DEA-24FF-41EC-9B75-4B01CC4FDDFA}.Release|Any CPU.ActiveCfg = Release|Any CPU
		{2CDE7DEA-24FF-41EC-9B75-4B01CC4FDDFA}.Release|Any CPU.Build.0 = Release|Any CPU
		{56E82425-5C76-4765-997F-2C3650CE6D58}.Debug|Any CPU.ActiveCfg = Debug|Any CPU
		{56E82425-5C76-4765-997F-2C3650CE6D58}.Debug|Any CPU.Build.0 = Debug|Any CPU
		{56E82425-5C76-4765-997F-2C3650CE6D58}.Release|Any CPU.ActiveCfg = Release|Any CPU
		{56E82425-5C76-4765-997F-2C3650CE6D58}.Release|Any CPU.Build.0 = Release|Any CPU
		{2303AD3E-D5B9-4F47-A031-F5235F97844A}.Debug|Any CPU.ActiveCfg = Debug|Any CPU
		{2303AD3E-D5B9-4F47-A031-F5235F97844A}.Debug|Any CPU.Build.0 = Debug|Any CPU
		{2303AD3E-D5B9-4F47-A031-F5235F97844A}.Release|Any CPU.ActiveCfg = Release|Any CPU
		{2303AD3E-D5B9-4F47-A031-F5235F97844A}.Release|Any CPU.Build.0 = Release|Any CPU
		{276C3EDD-7B1C-4230-A3DF-FB52FBE1462F}.Debug|Any CPU.ActiveCfg = Debug|Any CPU
		{276C3EDD-7B1C-4230-A3DF-FB52FBE1462F}.Debug|Any CPU.Build.0 = Debug|Any CPU
		{276C3EDD-7B1C-4230-A3DF-FB52FBE1462F}.Release|Any CPU.ActiveCfg = Release|Any CPU
		{276C3EDD-7B1C-4230-A3DF-FB52FBE1462F}.Release|Any CPU.Build.0 = Release|Any CPU
	EndGlobalSection
	GlobalSection(SolutionProperties) = preSolution
		HideSolutionNode = FALSE
	EndGlobalSection
	GlobalSection(ExtensibilityGlobals) = postSolution
		SolutionGuid = {4A80DEA0-DDB3-4219-9C13-8F466D89F792}
	EndGlobalSection
EndGlobal
